// !$*UTF8*$!
{
	archiveVersion = 1;
	classes = {
	};
	objectVersion = 48;
	objects = {

/* Begin PBXBuildFile section */
		1D132CA820B18CBB000CEE6D /* AppDelegate.swift in Sources */ = {isa = PBXBuildFile; fileRef = 1D132CA720B18CBB000CEE6D /* AppDelegate.swift */; };
		1D132CAA20B18CBB000CEE6D /* ViewController.swift in Sources */ = {isa = PBXBuildFile; fileRef = 1D132CA920B18CBB000CEE6D /* ViewController.swift */; };
		1D132CAD20B18CBB000CEE6D /* Main.storyboard in Resources */ = {isa = PBXBuildFile; fileRef = 1D132CAB20B18CBB000CEE6D /* Main.storyboard */; };
		1D132CAF20B18CBB000CEE6D /* Assets.xcassets in Resources */ = {isa = PBXBuildFile; fileRef = 1D132CAE20B18CBB000CEE6D /* Assets.xcassets */; };
		1D132CB220B18CBB000CEE6D /* LaunchScreen.storyboard in Resources */ = {isa = PBXBuildFile; fileRef = 1D132CB020B18CBB000CEE6D /* LaunchScreen.storyboard */; };
		1D132CBB20B1A8CC000CEE6D /* MainTabBar.storyboard in Resources */ = {isa = PBXBuildFile; fileRef = 1D132CBA20B1A8CC000CEE6D /* MainTabBar.storyboard */; };
		1D4C0BAF20BA982C00583735 /* SearchShopViewController.storyboard in Resources */ = {isa = PBXBuildFile; fileRef = 1D4C0BAE20BA982C00583735 /* SearchShopViewController.storyboard */; };
		1D4C0BB120BA9ACA00583735 /* SearchShopViewController.swift in Sources */ = {isa = PBXBuildFile; fileRef = 1D4C0BB020BA9ACA00583735 /* SearchShopViewController.swift */; };
		1D4C0BB520BA9D6C00583735 /* SearchSpeciesCell.swift in Sources */ = {isa = PBXBuildFile; fileRef = 1D4C0BB420BA9D6C00583735 /* SearchSpeciesCell.swift */; };
		1DEDA2DC20B44BFB001A5AA1 /* StoreViewController.storyboard in Resources */ = {isa = PBXBuildFile; fileRef = 1DEDA2DB20B44BFB001A5AA1 /* StoreViewController.storyboard */; };
		1DEDA2DE20B44C0E001A5AA1 /* StoreViewController.swift in Sources */ = {isa = PBXBuildFile; fileRef = 1DEDA2DD20B44C0E001A5AA1 /* StoreViewController.swift */; };
		1DEDA2E020B44C26001A5AA1 /* StoreViewModel.swift in Sources */ = {isa = PBXBuildFile; fileRef = 1DEDA2DF20B44C26001A5AA1 /* StoreViewModel.swift */; };
		1DEDA2E220B44C4D001A5AA1 /* SetChapterViewController.storyboard in Resources */ = {isa = PBXBuildFile; fileRef = 1DEDA2E120B44C4D001A5AA1 /* SetChapterViewController.storyboard */; };
		1DEDA2E420B44C5A001A5AA1 /* SetChapterViewController.swift in Sources */ = {isa = PBXBuildFile; fileRef = 1DEDA2E320B44C5A001A5AA1 /* SetChapterViewController.swift */; };
		1DEDA2E620B44C67001A5AA1 /* SetChapterViewModel.swift in Sources */ = {isa = PBXBuildFile; fileRef = 1DEDA2E520B44C67001A5AA1 /* SetChapterViewModel.swift */; };
		1DEDA2E820B44C79001A5AA1 /* SetCardViewController.storyboard in Resources */ = {isa = PBXBuildFile; fileRef = 1DEDA2E720B44C79001A5AA1 /* SetCardViewController.storyboard */; };
		1DEDA2EA20B44C85001A5AA1 /* SetCardViewController.swift in Sources */ = {isa = PBXBuildFile; fileRef = 1DEDA2E920B44C85001A5AA1 /* SetCardViewController.swift */; };
		1DEDA2EC20B44CA0001A5AA1 /* SetCardViewModel.swift in Sources */ = {isa = PBXBuildFile; fileRef = 1DEDA2EB20B44CA0001A5AA1 /* SetCardViewModel.swift */; };
		1DEDA2EE20B44CB8001A5AA1 /* MineViewController.storyboard in Resources */ = {isa = PBXBuildFile; fileRef = 1DEDA2ED20B44CB8001A5AA1 /* MineViewController.storyboard */; };
		1DEDA2F020B44CC9001A5AA1 /* MineViewController.swift in Sources */ = {isa = PBXBuildFile; fileRef = 1DEDA2EF20B44CC9001A5AA1 /* MineViewController.swift */; };
		1DEDA2F220B44CD7001A5AA1 /* MineViewModel.swift in Sources */ = {isa = PBXBuildFile; fileRef = 1DEDA2F120B44CD7001A5AA1 /* MineViewModel.swift */; };
		5140F57CE731BDC1DCDED343 /* Pods_EveryStamp.framework in Frameworks */ = {isa = PBXBuildFile; fileRef = 1D5D34780E761AB60DF07CAC /* Pods_EveryStamp.framework */; };
		D6529C1E20C0090E00F5E7E9 /* SetChapterCardTC.xib in Resources */ = {isa = PBXBuildFile; fileRef = D6529C1D20C0090E00F5E7E9 /* SetChapterCardTC.xib */; };
		D670B60120BDA2A300951BDA /* NoInternetViewController.storyboard in Resources */ = {isa = PBXBuildFile; fileRef = D670B60020BDA2A300951BDA /* NoInternetViewController.storyboard */; };
		D670B60420BDA61800951BDA /* SetChapterTC.xib in Resources */ = {isa = PBXBuildFile; fileRef = D670B60320BDA61800951BDA /* SetChapterTC.xib */; };
		D670B60620BDAD7600951BDA /* PhoneNumBindViewController.storyboard in Resources */ = {isa = PBXBuildFile; fileRef = D670B60520BDAD7600951BDA /* PhoneNumBindViewController.storyboard */; };
		D6789B4820DE6621009071BF /* RequestAPIManager.swift in Sources */ = {isa = PBXBuildFile; fileRef = D6789B4720DE6621009071BF /* RequestAPIManager.swift */; };
		D6789B4D20DE944E009071BF /* ShopDetailsViewController.swift in Sources */ = {isa = PBXBuildFile; fileRef = D6789B4C20DE944E009071BF /* ShopDetailsViewController.swift */; };
		D6789B4F20DE9485009071BF /* ShopDetailsViewController.storyboard in Resources */ = {isa = PBXBuildFile; fileRef = D6789B4E20DE9485009071BF /* ShopDetailsViewController.storyboard */; };
		D6789B5120DE9514009071BF /* ShopDetailsTC.swift in Sources */ = {isa = PBXBuildFile; fileRef = D6789B5020DE9514009071BF /* ShopDetailsTC.swift */; };
		D6789B5320DE966D009071BF /* ShopDetailsTC.xib in Resources */ = {isa = PBXBuildFile; fileRef = D6789B5220DE966D009071BF /* ShopDetailsTC.xib */; };
		D6789B5520DE9755009071BF /* ShopDetailsViewModel.swift in Sources */ = {isa = PBXBuildFile; fileRef = D6789B5420DE9755009071BF /* ShopDetailsViewModel.swift */; };
		D67E97E920DF4371007EA35A /* RecoverPasswordViewController.storyboard in Resources */ = {isa = PBXBuildFile; fileRef = D67E97E420DF4371007EA35A /* RecoverPasswordViewController.storyboard */; };
		D67E97EA20DF4371007EA35A /* RegisterViewController.swift in Sources */ = {isa = PBXBuildFile; fileRef = D67E97E520DF4371007EA35A /* RegisterViewController.swift */; };
		D67E97EB20DF4371007EA35A /* LogInViewController.swift in Sources */ = {isa = PBXBuildFile; fileRef = D67E97E620DF4371007EA35A /* LogInViewController.swift */; };
		D67E97EC20DF4371007EA35A /* RegisterViewController.storyboard in Resources */ = {isa = PBXBuildFile; fileRef = D67E97E720DF4371007EA35A /* RegisterViewController.storyboard */; };
		D67E97ED20DF4371007EA35A /* LogInViewController.storyboard in Resources */ = {isa = PBXBuildFile; fileRef = D67E97E820DF4371007EA35A /* LogInViewController.storyboard */; };
		D67E97EF20DF4500007EA35A /* RecoverPasswordViewController.swift in Sources */ = {isa = PBXBuildFile; fileRef = D67E97EE20DF4500007EA35A /* RecoverPasswordViewController.swift */; };
		D686916620DFD87E008463DA /* AlertErrorManager.swift in Sources */ = {isa = PBXBuildFile; fileRef = D686916520DFD87E008463DA /* AlertErrorManager.swift */; };
		D686916820DFE44D008463DA /* SetChapterCardTC.swift in Sources */ = {isa = PBXBuildFile; fileRef = D686916720DFE44D008463DA /* SetChapterCardTC.swift */; };
		D686916A20DFE95D008463DA /* SetCardDetailsViewController.swift in Sources */ = {isa = PBXBuildFile; fileRef = D686916920DFE95D008463DA /* SetCardDetailsViewController.swift */; };
		D68BF25D20D14FE4009008C0 /* UserLoginRequest.swift in Sources */ = {isa = PBXBuildFile; fileRef = D68BF25C20D14FE4009008C0 /* UserLoginRequest.swift */; };
		D68BF26020D15338009008C0 /* UserLoginResponse.swift in Sources */ = {isa = PBXBuildFile; fileRef = D68BF25F20D15338009008C0 /* UserLoginResponse.swift */; };
		D68BF26320D159EF009008C0 /* StringExtension.swift in Sources */ = {isa = PBXBuildFile; fileRef = D68BF26220D159EF009008C0 /* StringExtension.swift */; };
		D68BF26520D15A34009008C0 /* DataExtension.swift in Sources */ = {isa = PBXBuildFile; fileRef = D68BF26420D15A34009008C0 /* DataExtension.swift */; };
		D68BF26720D15CA6009008C0 /* IntExtension.swift in Sources */ = {isa = PBXBuildFile; fileRef = D68BF26620D15CA6009008C0 /* IntExtension.swift */; };
		D692614E20C388AA00194C0B /* UserMessageViewController.storyboard in Resources */ = {isa = PBXBuildFile; fileRef = D692614D20C388AA00194C0B /* UserMessageViewController.storyboard */; };
		D692615020C388B900194C0B /* UserMessageViewController.swift in Sources */ = {isa = PBXBuildFile; fileRef = D692614F20C388B900194C0B /* UserMessageViewController.swift */; };
		D692615320C38CBE00194C0B /* AboutUsViewController.storyboard in Resources */ = {isa = PBXBuildFile; fileRef = D692615220C38CBE00194C0B /* AboutUsViewController.storyboard */; };
		D692615520C38CCE00194C0B /* AboutUsViewController.swift in Sources */ = {isa = PBXBuildFile; fileRef = D692615420C38CCE00194C0B /* AboutUsViewController.swift */; };
		D692615720C3935900194C0B /* FeedbackQuestionViewController.storyboard in Resources */ = {isa = PBXBuildFile; fileRef = D692615620C3935900194C0B /* FeedbackQuestionViewController.storyboard */; };
		D692615920C3936900194C0B /* FeedbackQuestionViewController.swift in Sources */ = {isa = PBXBuildFile; fileRef = D692615820C3936900194C0B /* FeedbackQuestionViewController.swift */; };
		D692615D20C3BE8400194C0B /* MsgStatusTC.xib in Resources */ = {isa = PBXBuildFile; fileRef = D692615C20C3BE8400194C0B /* MsgStatusTC.xib */; };
		D692616120C3C3E000194C0B /* MsgDetailsViewController.storyboard in Resources */ = {isa = PBXBuildFile; fileRef = D692616020C3C3E000194C0B /* MsgDetailsViewController.storyboard */; };
		D692616520C3D00600194C0B /* SetCardDetailsViewController.storyboard in Resources */ = {isa = PBXBuildFile; fileRef = D692616420C3D00600194C0B /* SetCardDetailsViewController.storyboard */; };
		D692616720C40BBC00194C0B /* TransferChapterViewController.storyboard in Resources */ = {isa = PBXBuildFile; fileRef = D692616620C40BBC00194C0B /* TransferChapterViewController.storyboard */; };
		D692616D20C4140200194C0B /* ImgTitleCell.xib in Resources */ = {isa = PBXBuildFile; fileRef = D692616C20C4140200194C0B /* ImgTitleCell.xib */; };
		D69E988A20C28C8F0004B6DC /* SetChapterCardSearchShopTC.xib in Resources */ = {isa = PBXBuildFile; fileRef = D69E988920C28C8F0004B6DC /* SetChapterCardSearchShopTC.xib */; };
		D69E988D20C2923B0004B6DC /* NoDataView.xib in Resources */ = {isa = PBXBuildFile; fileRef = D69E988C20C2923B0004B6DC /* NoDataView.xib */; };
		D69E988F20C2F8FE0004B6DC /* ShopTC.xib in Resources */ = {isa = PBXBuildFile; fileRef = D69E988E20C2F8FE0004B6DC /* ShopTC.xib */; };
		D69E989120C2FEA20004B6DC /* ShopRecommendTC.xib in Resources */ = {isa = PBXBuildFile; fileRef = D69E989020C2FEA20004B6DC /* ShopRecommendTC.xib */; };
		D69E989420C311990004B6DC /* BeginningChapterViewController.storyboard in Resources */ = {isa = PBXBuildFile; fileRef = D69E989320C311990004B6DC /* BeginningChapterViewController.storyboard */; };
		D69E989620C311A90004B6DC /* BeginningChapterViewController.swift in Sources */ = {isa = PBXBuildFile; fileRef = D69E989520C311A90004B6DC /* BeginningChapterViewController.swift */; };
		D6A56BA120DDF7F200261BC0 /* RefreshComponents.swift in Sources */ = {isa = PBXBuildFile; fileRef = D6A56BA020DDF7F200261BC0 /* RefreshComponents.swift */; };
		D6A56BA820DE100100261BC0 /* LocationManager.swift in Sources */ = {isa = PBXBuildFile; fileRef = D6A56BA720DE100100261BC0 /* LocationManager.swift */; };
		D6A56BAA20DE15B800261BC0 /* ShopRecommendTC.swift in Sources */ = {isa = PBXBuildFile; fileRef = D6A56BA920DE15B800261BC0 /* ShopRecommendTC.swift */; };
		D6A9724620BED84700F8AE39 /* PhoneNumBindViewController.swift in Sources */ = {isa = PBXBuildFile; fileRef = D6A9724520BED84700F8AE39 /* PhoneNumBindViewController.swift */; };
		D6AF653B20DBE5BE00201E08 /* UserShopUnstampResponse.swift in Sources */ = {isa = PBXBuildFile; fileRef = D6AF653A20DBE5BE00201E08 /* UserShopUnstampResponse.swift */; };
		D6AF654020DBE6C500201E08 /* UserShopStampRequest.swift in Sources */ = {isa = PBXBuildFile; fileRef = D6AF653E20DBE6C400201E08 /* UserShopStampRequest.swift */; };
		D6AF654120DBE6C500201E08 /* UserShopUnstampRequest.swift in Sources */ = {isa = PBXBuildFile; fileRef = D6AF653F20DBE6C400201E08 /* UserShopUnstampRequest.swift */; };
		D6AF654320DBE79A00201E08 /* UserDoNateStampResponse.swift in Sources */ = {isa = PBXBuildFile; fileRef = D6AF654220DBE79A00201E08 /* UserDoNateStampResponse.swift */; };
		D6AF654720DBE9F300201E08 /* UserDoNateStampRequest.swift in Sources */ = {isa = PBXBuildFile; fileRef = D6AF654620DBE9F300201E08 /* UserDoNateStampRequest.swift */; };
		D6AF654920DBEAF800201E08 /* UserAskForStampResponse.swift in Sources */ = {isa = PBXBuildFile; fileRef = D6AF654820DBEAF800201E08 /* UserAskForStampResponse.swift */; };
		D6AF654B20DBEB3000201E08 /* UserAskForStampRequest.swift in Sources */ = {isa = PBXBuildFile; fileRef = D6AF654A20DBEB3000201E08 /* UserAskForStampRequest.swift */; };
		D6AF654D20DBEBDE00201E08 /* UserGetFromStampMsgsResponse.swift in Sources */ = {isa = PBXBuildFile; fileRef = D6AF654C20DBEBDE00201E08 /* UserGetFromStampMsgsResponse.swift */; };
		D6AF654F20DBECF000201E08 /* UserGetFromStampMsgsRequest.swift in Sources */ = {isa = PBXBuildFile; fileRef = D6AF654E20DBECF000201E08 /* UserGetFromStampMsgsRequest.swift */; };
		D6AF655120DBED9700201E08 /* UserReadFromStampMsgResponse.swift in Sources */ = {isa = PBXBuildFile; fileRef = D6AF655020DBED9700201E08 /* UserReadFromStampMsgResponse.swift */; };
		D6AF655320DBEDDD00201E08 /* UserReadFromStampMsgRequest.swift in Sources */ = {isa = PBXBuildFile; fileRef = D6AF655220DBEDDD00201E08 /* UserReadFromStampMsgRequest.swift */; };
		D6AF655520DBEE5A00201E08 /* UserDeleteFromStampMsgResponse.swift in Sources */ = {isa = PBXBuildFile; fileRef = D6AF655420DBEE5A00201E08 /* UserDeleteFromStampMsgResponse.swift */; };
		D6AF655720DBEF1400201E08 /* UserDeleteFromStampMsgRequest.swift in Sources */ = {isa = PBXBuildFile; fileRef = D6AF655620DBEF1400201E08 /* UserDeleteFromStampMsgRequest.swift */; };
		D6AF655920DBF01E00201E08 /* UserGetFromStampMsgResponse.swift in Sources */ = {isa = PBXBuildFile; fileRef = D6AF655820DBF01E00201E08 /* UserGetFromStampMsgResponse.swift */; };
		D6AF655B20DBF99A00201E08 /* UserGetFromStampMsgRequest.swift in Sources */ = {isa = PBXBuildFile; fileRef = D6AF655A20DBF99A00201E08 /* UserGetFromStampMsgRequest.swift */; };
		D6AF655D20DBF9ED00201E08 /* UserGetRewardsResponse.swift in Sources */ = {isa = PBXBuildFile; fileRef = D6AF655C20DBF9ED00201E08 /* UserGetRewardsResponse.swift */; };
		D6AF655F20DBFB0E00201E08 /* UserGetRewardsRequest.swift in Sources */ = {isa = PBXBuildFile; fileRef = D6AF655E20DBFB0E00201E08 /* UserGetRewardsRequest.swift */; };
		D6AF656120DBFB8B00201E08 /* UserRewardStampResponse.swift in Sources */ = {isa = PBXBuildFile; fileRef = D6AF656020DBFB8B00201E08 /* UserRewardStampResponse.swift */; };
		D6AF656320DBFC6600201E08 /* UserRewardStampRequest.swift in Sources */ = {isa = PBXBuildFile; fileRef = D6AF656220DBFC6600201E08 /* UserRewardStampRequest.swift */; };
		D6AF656520DBFD1300201E08 /* UserGetRewardsCountResponse.swift in Sources */ = {isa = PBXBuildFile; fileRef = D6AF656420DBFD1300201E08 /* UserGetRewardsCountResponse.swift */; };
		D6AF656720DBFDA500201E08 /* UserGetRewardsCountRequest.swift in Sources */ = {isa = PBXBuildFile; fileRef = D6AF656620DBFDA500201E08 /* UserGetRewardsCountRequest.swift */; };
		D6AF656920DBFE2200201E08 /* UserGetAllShopsResponse.swift in Sources */ = {isa = PBXBuildFile; fileRef = D6AF656820DBFE2200201E08 /* UserGetAllShopsResponse.swift */; };
		D6AF656B20DBFF5E00201E08 /* UserGetAllShopsRequest.swift in Sources */ = {isa = PBXBuildFile; fileRef = D6AF656A20DBFF5E00201E08 /* UserGetAllShopsRequest.swift */; };
		D6AF656D20DC002600201E08 /* UserFeedbackResponse.swift in Sources */ = {isa = PBXBuildFile; fileRef = D6AF656C20DC002600201E08 /* UserFeedbackResponse.swift */; };
		D6AF656F20DC005000201E08 /* UserFeedbackRequest.swift in Sources */ = {isa = PBXBuildFile; fileRef = D6AF656E20DC005000201E08 /* UserFeedbackRequest.swift */; };
		D6AF657120DC013F00201E08 /* UserCheckUserResponse.swift in Sources */ = {isa = PBXBuildFile; fileRef = D6AF657020DC013F00201E08 /* UserCheckUserResponse.swift */; };
		D6AF657320DC01C700201E08 /* UserCheckUserRequest.swift in Sources */ = {isa = PBXBuildFile; fileRef = D6AF657220DC01C700201E08 /* UserCheckUserRequest.swift */; };
		D6D03FB920DF612A00C9D5C1 /* LogInViewModel.swift in Sources */ = {isa = PBXBuildFile; fileRef = D6D03FB820DF612A00C9D5C1 /* LogInViewModel.swift */; };
		D6D03FBB20DF62AE00C9D5C1 /* RegisterViewModel.swift in Sources */ = {isa = PBXBuildFile; fileRef = D6D03FBA20DF62AE00C9D5C1 /* RegisterViewModel.swift */; };
		D6D03FBD20DF639600C9D5C1 /* RecoverPasswordViewModel.swift in Sources */ = {isa = PBXBuildFile; fileRef = D6D03FBC20DF639600C9D5C1 /* RecoverPasswordViewModel.swift */; };
		D6D03FBF20DF933E00C9D5C1 /* Wireframe.swift in Sources */ = {isa = PBXBuildFile; fileRef = D6D03FBE20DF933E00C9D5C1 /* Wireframe.swift */; };
		D6D2764F20DBDAA80080AEC7 /* UserReadMsgResponse.swift in Sources */ = {isa = PBXBuildFile; fileRef = D6D2764E20DBDAA80080AEC7 /* UserReadMsgResponse.swift */; };
		D6D2765120DBDB5F0080AEC7 /* UserReadMsgRequest.swift in Sources */ = {isa = PBXBuildFile; fileRef = D6D2765020DBDB5F0080AEC7 /* UserReadMsgRequest.swift */; };
		D6D2765320DBDC490080AEC7 /* UserGetSystemMsgsResponse.swift in Sources */ = {isa = PBXBuildFile; fileRef = D6D2765220DBDC490080AEC7 /* UserGetSystemMsgsResponse.swift */; };
		D6D2765520DBDD3B0080AEC7 /* UserGetSystemMsgsRequest.swift in Sources */ = {isa = PBXBuildFile; fileRef = D6D2765420DBDD3B0080AEC7 /* UserGetSystemMsgsRequest.swift */; };
		D6D2765720DBDDBF0080AEC7 /* UserShopStampResponse.swift in Sources */ = {isa = PBXBuildFile; fileRef = D6D2765620DBDDBF0080AEC7 /* UserShopStampResponse.swift */; };
		D6E4874A20D6394D002C3D63 /* GuidePageOne.storyboard in Resources */ = {isa = PBXBuildFile; fileRef = D6E4874920D6394D002C3D63 /* GuidePageOne.storyboard */; };
		D6E4874C20D6395D002C3D63 /* GuidePageTwo.storyboard in Resources */ = {isa = PBXBuildFile; fileRef = D6E4874B20D6395D002C3D63 /* GuidePageTwo.storyboard */; };
		D6E4874E20D6396E002C3D63 /* GuidePageThree.storyboard in Resources */ = {isa = PBXBuildFile; fileRef = D6E4874D20D6396E002C3D63 /* GuidePageThree.storyboard */; };
		D6E4875020D65D22002C3D63 /* UserGetCodeRequest.swift in Sources */ = {isa = PBXBuildFile; fileRef = D6E4874F20D65D22002C3D63 /* UserGetCodeRequest.swift */; };
		D6E4875220D65E65002C3D63 /* UserGetCodeResponse.swift in Sources */ = {isa = PBXBuildFile; fileRef = D6E4875120D65E65002C3D63 /* UserGetCodeResponse.swift */; };
		D6E4875420D65F76002C3D63 /* UserRegisterResponse.swift in Sources */ = {isa = PBXBuildFile; fileRef = D6E4875320D65F76002C3D63 /* UserRegisterResponse.swift */; };
		D6E4875620D65FF1002C3D63 /* UserRegisterRequest.swift in Sources */ = {isa = PBXBuildFile; fileRef = D6E4875520D65FF1002C3D63 /* UserRegisterRequest.swift */; };
		D6E4875820D66139002C3D63 /* UserUpdatetokenResponse.swift in Sources */ = {isa = PBXBuildFile; fileRef = D6E4875720D66139002C3D63 /* UserUpdatetokenResponse.swift */; };
		D6E4875A20D6641C002C3D63 /* UserUpdatetokenRequest.swift in Sources */ = {isa = PBXBuildFile; fileRef = D6E4875920D6641C002C3D63 /* UserUpdatetokenRequest.swift */; };
		D6E4875C20D665AD002C3D63 /* UserChangePwdResponse.swift in Sources */ = {isa = PBXBuildFile; fileRef = D6E4875B20D665AD002C3D63 /* UserChangePwdResponse.swift */; };
		D6E4875E20D665EC002C3D63 /* UserChangePwdRequest.swift in Sources */ = {isa = PBXBuildFile; fileRef = D6E4875D20D665EC002C3D63 /* UserChangePwdRequest.swift */; };
		D6E4876020D6667C002C3D63 /* UserFindPwdResponse.swift in Sources */ = {isa = PBXBuildFile; fileRef = D6E4875F20D6667C002C3D63 /* UserFindPwdResponse.swift */; };
		D6E4876220D666A9002C3D63 /* UserFindPwdRequest.swift in Sources */ = {isa = PBXBuildFile; fileRef = D6E4876120D666A9002C3D63 /* UserFindPwdRequest.swift */; };
		D6E4876420D66724002C3D63 /* UserUpdateUserResponse.swift in Sources */ = {isa = PBXBuildFile; fileRef = D6E4876320D66724002C3D63 /* UserUpdateUserResponse.swift */; };
		D6E4876620D6695D002C3D63 /* UserUpdateUserRequest.swift in Sources */ = {isa = PBXBuildFile; fileRef = D6E4876520D6695D002C3D63 /* UserUpdateUserRequest.swift */; };
		D6E4876A20D6951B002C3D63 /* UserUpdateLatlngResponse.swift in Sources */ = {isa = PBXBuildFile; fileRef = D6E4876920D6951B002C3D63 /* UserUpdateLatlngResponse.swift */; };
		D6E4876C20D6953F002C3D63 /* UserUpdateLatlngRequest.swift in Sources */ = {isa = PBXBuildFile; fileRef = D6E4876B20D6953F002C3D63 /* UserUpdateLatlngRequest.swift */; };
		D6E4876E20D69645002C3D63 /* UserGetResponse.swift in Sources */ = {isa = PBXBuildFile; fileRef = D6E4876D20D69645002C3D63 /* UserGetResponse.swift */; };
		D6E4877020D69933002C3D63 /* UserOauthLoginResponse.swift in Sources */ = {isa = PBXBuildFile; fileRef = D6E4876F20D69933002C3D63 /* UserOauthLoginResponse.swift */; };
		D6E4877220D699C2002C3D63 /* UserOauthLoginRequest.swift in Sources */ = {isa = PBXBuildFile; fileRef = D6E4877120D699C2002C3D63 /* UserOauthLoginRequest.swift */; };
		D6E4877420D69B9F002C3D63 /* UserGetCollectShopsResponse.swift in Sources */ = {isa = PBXBuildFile; fileRef = D6E4877320D69B9F002C3D63 /* UserGetCollectShopsResponse.swift */; };
		D6E98B2A20DDCEA5007CC81E /* ShopTC.swift in Sources */ = {isa = PBXBuildFile; fileRef = D6E98B2920DDCEA5007CC81E /* ShopTC.swift */; };
		D6F494B220D955DC003A09E1 /* UserGetCollectShopsRequest.swift in Sources */ = {isa = PBXBuildFile; fileRef = D6F494B120D955DC003A09E1 /* UserGetCollectShopsRequest.swift */; };
		D6F494B420D956D8003A09E1 /* UserShopCollectResponse.swift in Sources */ = {isa = PBXBuildFile; fileRef = D6F494B320D956D8003A09E1 /* UserShopCollectResponse.swift */; };
		D6F494B620D95721003A09E1 /* UserShopCollectRequest.swift in Sources */ = {isa = PBXBuildFile; fileRef = D6F494B520D95721003A09E1 /* UserShopCollectRequest.swift */; };
		D6F494B820D95800003A09E1 /* UserShopUnCollectResponse.swift in Sources */ = {isa = PBXBuildFile; fileRef = D6F494B720D95800003A09E1 /* UserShopUnCollectResponse.swift */; };
		D6F494BA20D95828003A09E1 /* UserShopUnCollectRequest.swift in Sources */ = {isa = PBXBuildFile; fileRef = D6F494B920D95828003A09E1 /* UserShopUnCollectRequest.swift */; };
		D6F494BC20D95894003A09E1 /* UserGetShopStateResponse.swift in Sources */ = {isa = PBXBuildFile; fileRef = D6F494BB20D95894003A09E1 /* UserGetShopStateResponse.swift */; };
		D6F494BE20D95BC4003A09E1 /* UserGetShopStateRequest.swift in Sources */ = {isa = PBXBuildFile; fileRef = D6F494BD20D95BC4003A09E1 /* UserGetShopStateRequest.swift */; };
		D6F494C020D95CC8003A09E1 /* UserShopGetResponse.swift in Sources */ = {isa = PBXBuildFile; fileRef = D6F494BF20D95CC8003A09E1 /* UserShopGetResponse.swift */; };
		D6F494C220D96079003A09E1 /* UserShopGetRequest.swift in Sources */ = {isa = PBXBuildFile; fileRef = D6F494C120D96079003A09E1 /* UserShopGetRequest.swift */; };
		D6F494C420D96160003A09E1 /* UserGetShopsResponse.swift in Sources */ = {isa = PBXBuildFile; fileRef = D6F494C320D96160003A09E1 /* UserGetShopsResponse.swift */; };
		D6F494C620D96253003A09E1 /* UserGetShopsByLatlngRequest.swift in Sources */ = {isa = PBXBuildFile; fileRef = D6F494C520D96253003A09E1 /* UserGetShopsByLatlngRequest.swift */; };
		D6F494C820D96385003A09E1 /* UserGetShopsByAddressRequest.swift in Sources */ = {isa = PBXBuildFile; fileRef = D6F494C720D96385003A09E1 /* UserGetShopsByAddressRequest.swift */; };
		D6F494CA20D96442003A09E1 /* UserGetCouponsResponse.swift in Sources */ = {isa = PBXBuildFile; fileRef = D6F494C920D96442003A09E1 /* UserGetCouponsResponse.swift */; };
		D6F494CC20D9656E003A09E1 /* UserGetCouponsRequest.swift in Sources */ = {isa = PBXBuildFile; fileRef = D6F494CB20D9656E003A09E1 /* UserGetCouponsRequest.swift */; };
		D6F494CE20D96634003A09E1 /* UserGetShopMsgsResponse.swift in Sources */ = {isa = PBXBuildFile; fileRef = D6F494CD20D96634003A09E1 /* UserGetShopMsgsResponse.swift */; };
		D6F494D020D96708003A09E1 /* UserGetShopMsgsRequest.swift in Sources */ = {isa = PBXBuildFile; fileRef = D6F494CF20D96708003A09E1 /* UserGetShopMsgsRequest.swift */; };
		D6F494D220D967A7003A09E1 /* UserGetShopMsgResponse.swift in Sources */ = {isa = PBXBuildFile; fileRef = D6F494D120D967A7003A09E1 /* UserGetShopMsgResponse.swift */; };
		D6F494D420D9685E003A09E1 /* UserGetShopMsgRequest.swift in Sources */ = {isa = PBXBuildFile; fileRef = D6F494D320D9685E003A09E1 /* UserGetShopMsgRequest.swift */; };
		D6F494D620D9691A003A09E1 /* UserDeleteMsgResponse.swift in Sources */ = {isa = PBXBuildFile; fileRef = D6F494D520D9691A003A09E1 /* UserDeleteMsgResponse.swift */; };
		D6F494D820D96951003A09E1 /* UserDeleteMsgRequest.swift in Sources */ = {isa = PBXBuildFile; fileRef = D6F494D720D96951003A09E1 /* UserDeleteMsgRequest.swift */; };
		D6F494DA20D969D8003A09E1 /* UserGetMsgResponse.swift in Sources */ = {isa = PBXBuildFile; fileRef = D6F494D920D969D8003A09E1 /* UserGetMsgResponse.swift */; };
		D6F494DC20D96AE0003A09E1 /* UserGetMsgRequest.swift in Sources */ = {isa = PBXBuildFile; fileRef = D6F494DB20D96AE0003A09E1 /* UserGetMsgRequest.swift */; };
		D6F6C6E720CD3BA300D9ADC1 /* Request.swift in Sources */ = {isa = PBXBuildFile; fileRef = D6F6C6E620CD3BA300D9ADC1 /* Request.swift */; };
		D6F6C6E920CD3BEE00D9ADC1 /* RequestSender.swift in Sources */ = {isa = PBXBuildFile; fileRef = D6F6C6E820CD3BEE00D9ADC1 /* RequestSender.swift */; };
		D6F6C6EB20CD3C3900D9ADC1 /* RxSessionRequestSender.swift in Sources */ = {isa = PBXBuildFile; fileRef = D6F6C6EA20CD3C3900D9ADC1 /* RxSessionRequestSender.swift */; };
		D6F6C6ED20CD3C5F00D9ADC1 /* BaseRequest.swift in Sources */ = {isa = PBXBuildFile; fileRef = D6F6C6EC20CD3C5F00D9ADC1 /* BaseRequest.swift */; };
		D6F6C6EF20CD3CB300D9ADC1 /* Authentication.swift in Sources */ = {isa = PBXBuildFile; fileRef = D6F6C6EE20CD3CB300D9ADC1 /* Authentication.swift */; };
		D6F6C6F120CD3CD500D9ADC1 /* ResponseError.swift in Sources */ = {isa = PBXBuildFile; fileRef = D6F6C6F020CD3CD500D9ADC1 /* ResponseError.swift */; };
/* End PBXBuildFile section */

/* Begin PBXFileReference section */
		0E18ED2B208FA42DA622DBD8 /* Pods-EveryStamp.release.xcconfig */ = {isa = PBXFileReference; includeInIndex = 1; lastKnownFileType = text.xcconfig; name = "Pods-EveryStamp.release.xcconfig"; path = "Pods/Target Support Files/Pods-EveryStamp/Pods-EveryStamp.release.xcconfig"; sourceTree = "<group>"; };
		1D132CA420B18CBB000CEE6D /* EveryStamp.app */ = {isa = PBXFileReference; explicitFileType = wrapper.application; includeInIndex = 0; path = EveryStamp.app; sourceTree = BUILT_PRODUCTS_DIR; };
		1D132CA720B18CBB000CEE6D /* AppDelegate.swift */ = {isa = PBXFileReference; lastKnownFileType = sourcecode.swift; path = AppDelegate.swift; sourceTree = "<group>"; };
		1D132CA920B18CBB000CEE6D /* ViewController.swift */ = {isa = PBXFileReference; lastKnownFileType = sourcecode.swift; path = ViewController.swift; sourceTree = "<group>"; };
		1D132CAC20B18CBB000CEE6D /* Base */ = {isa = PBXFileReference; lastKnownFileType = file.storyboard; name = Base; path = Base.lproj/Main.storyboard; sourceTree = "<group>"; };
		1D132CAE20B18CBB000CEE6D /* Assets.xcassets */ = {isa = PBXFileReference; lastKnownFileType = folder.assetcatalog; path = Assets.xcassets; sourceTree = "<group>"; };
		1D132CB120B18CBB000CEE6D /* Base */ = {isa = PBXFileReference; lastKnownFileType = file.storyboard; name = Base; path = Base.lproj/LaunchScreen.storyboard; sourceTree = "<group>"; };
		1D132CB320B18CBB000CEE6D /* Info.plist */ = {isa = PBXFileReference; lastKnownFileType = text.plist.xml; path = Info.plist; sourceTree = "<group>"; };
		1D132CBA20B1A8CC000CEE6D /* MainTabBar.storyboard */ = {isa = PBXFileReference; lastKnownFileType = file.storyboard; path = MainTabBar.storyboard; sourceTree = "<group>"; };
		1D4C0BAE20BA982C00583735 /* SearchShopViewController.storyboard */ = {isa = PBXFileReference; lastKnownFileType = file.storyboard; path = SearchShopViewController.storyboard; sourceTree = "<group>"; };
		1D4C0BB020BA9ACA00583735 /* SearchShopViewController.swift */ = {isa = PBXFileReference; lastKnownFileType = sourcecode.swift; path = SearchShopViewController.swift; sourceTree = "<group>"; };
		1D4C0BB420BA9D6C00583735 /* SearchSpeciesCell.swift */ = {isa = PBXFileReference; lastKnownFileType = sourcecode.swift; path = SearchSpeciesCell.swift; sourceTree = "<group>"; };
		1D5D34780E761AB60DF07CAC /* Pods_EveryStamp.framework */ = {isa = PBXFileReference; explicitFileType = wrapper.framework; includeInIndex = 0; path = Pods_EveryStamp.framework; sourceTree = BUILT_PRODUCTS_DIR; };
		1DEDA2DB20B44BFB001A5AA1 /* StoreViewController.storyboard */ = {isa = PBXFileReference; lastKnownFileType = file.storyboard; path = StoreViewController.storyboard; sourceTree = "<group>"; };
		1DEDA2DD20B44C0E001A5AA1 /* StoreViewController.swift */ = {isa = PBXFileReference; lastKnownFileType = sourcecode.swift; path = StoreViewController.swift; sourceTree = "<group>"; };
		1DEDA2DF20B44C26001A5AA1 /* StoreViewModel.swift */ = {isa = PBXFileReference; lastKnownFileType = sourcecode.swift; path = StoreViewModel.swift; sourceTree = "<group>"; };
		1DEDA2E120B44C4D001A5AA1 /* SetChapterViewController.storyboard */ = {isa = PBXFileReference; lastKnownFileType = file.storyboard; path = SetChapterViewController.storyboard; sourceTree = "<group>"; };
		1DEDA2E320B44C5A001A5AA1 /* SetChapterViewController.swift */ = {isa = PBXFileReference; lastKnownFileType = sourcecode.swift; path = SetChapterViewController.swift; sourceTree = "<group>"; };
		1DEDA2E520B44C67001A5AA1 /* SetChapterViewModel.swift */ = {isa = PBXFileReference; lastKnownFileType = sourcecode.swift; path = SetChapterViewModel.swift; sourceTree = "<group>"; };
		1DEDA2E720B44C79001A5AA1 /* SetCardViewController.storyboard */ = {isa = PBXFileReference; lastKnownFileType = file.storyboard; path = SetCardViewController.storyboard; sourceTree = "<group>"; };
		1DEDA2E920B44C85001A5AA1 /* SetCardViewController.swift */ = {isa = PBXFileReference; lastKnownFileType = sourcecode.swift; path = SetCardViewController.swift; sourceTree = "<group>"; };
		1DEDA2EB20B44CA0001A5AA1 /* SetCardViewModel.swift */ = {isa = PBXFileReference; lastKnownFileType = sourcecode.swift; path = SetCardViewModel.swift; sourceTree = "<group>"; };
		1DEDA2ED20B44CB8001A5AA1 /* MineViewController.storyboard */ = {isa = PBXFileReference; lastKnownFileType = file.storyboard; path = MineViewController.storyboard; sourceTree = "<group>"; };
		1DEDA2EF20B44CC9001A5AA1 /* MineViewController.swift */ = {isa = PBXFileReference; lastKnownFileType = sourcecode.swift; path = MineViewController.swift; sourceTree = "<group>"; };
		1DEDA2F120B44CD7001A5AA1 /* MineViewModel.swift */ = {isa = PBXFileReference; lastKnownFileType = sourcecode.swift; path = MineViewModel.swift; sourceTree = "<group>"; };
		D6529C1D20C0090E00F5E7E9 /* SetChapterCardTC.xib */ = {isa = PBXFileReference; lastKnownFileType = file.xib; path = SetChapterCardTC.xib; sourceTree = "<group>"; };
		D670B60020BDA2A300951BDA /* NoInternetViewController.storyboard */ = {isa = PBXFileReference; lastKnownFileType = file.storyboard; path = NoInternetViewController.storyboard; sourceTree = "<group>"; };
		D670B60320BDA61800951BDA /* SetChapterTC.xib */ = {isa = PBXFileReference; lastKnownFileType = file.xib; path = SetChapterTC.xib; sourceTree = "<group>"; };
		D670B60520BDAD7600951BDA /* PhoneNumBindViewController.storyboard */ = {isa = PBXFileReference; lastKnownFileType = file.storyboard; path = PhoneNumBindViewController.storyboard; sourceTree = "<group>"; };
		D6789B4720DE6621009071BF /* RequestAPIManager.swift */ = {isa = PBXFileReference; lastKnownFileType = sourcecode.swift; path = RequestAPIManager.swift; sourceTree = "<group>"; };
		D6789B4C20DE944E009071BF /* ShopDetailsViewController.swift */ = {isa = PBXFileReference; lastKnownFileType = sourcecode.swift; path = ShopDetailsViewController.swift; sourceTree = "<group>"; };
		D6789B4E20DE9485009071BF /* ShopDetailsViewController.storyboard */ = {isa = PBXFileReference; fileEncoding = 4; lastKnownFileType = file.storyboard; path = ShopDetailsViewController.storyboard; sourceTree = "<group>"; };
		D6789B5020DE9514009071BF /* ShopDetailsTC.swift */ = {isa = PBXFileReference; lastKnownFileType = sourcecode.swift; path = ShopDetailsTC.swift; sourceTree = "<group>"; };
		D6789B5220DE966D009071BF /* ShopDetailsTC.xib */ = {isa = PBXFileReference; lastKnownFileType = file.xib; path = ShopDetailsTC.xib; sourceTree = "<group>"; };
		D6789B5420DE9755009071BF /* ShopDetailsViewModel.swift */ = {isa = PBXFileReference; lastKnownFileType = sourcecode.swift; path = ShopDetailsViewModel.swift; sourceTree = "<group>"; };
		D67E97E420DF4371007EA35A /* RecoverPasswordViewController.storyboard */ = {isa = PBXFileReference; fileEncoding = 4; lastKnownFileType = file.storyboard; path = RecoverPasswordViewController.storyboard; sourceTree = "<group>"; };
		D67E97E520DF4371007EA35A /* RegisterViewController.swift */ = {isa = PBXFileReference; fileEncoding = 4; lastKnownFileType = sourcecode.swift; path = RegisterViewController.swift; sourceTree = "<group>"; };
		D67E97E620DF4371007EA35A /* LogInViewController.swift */ = {isa = PBXFileReference; fileEncoding = 4; lastKnownFileType = sourcecode.swift; path = LogInViewController.swift; sourceTree = "<group>"; };
		D67E97E720DF4371007EA35A /* RegisterViewController.storyboard */ = {isa = PBXFileReference; fileEncoding = 4; lastKnownFileType = file.storyboard; path = RegisterViewController.storyboard; sourceTree = "<group>"; };
		D67E97E820DF4371007EA35A /* LogInViewController.storyboard */ = {isa = PBXFileReference; fileEncoding = 4; lastKnownFileType = file.storyboard; path = LogInViewController.storyboard; sourceTree = "<group>"; };
		D67E97EE20DF4500007EA35A /* RecoverPasswordViewController.swift */ = {isa = PBXFileReference; lastKnownFileType = sourcecode.swift; path = RecoverPasswordViewController.swift; sourceTree = "<group>"; };
		D686916520DFD87E008463DA /* AlertErrorManager.swift */ = {isa = PBXFileReference; lastKnownFileType = sourcecode.swift; path = AlertErrorManager.swift; sourceTree = "<group>"; };
		D686916720DFE44D008463DA /* SetChapterCardTC.swift */ = {isa = PBXFileReference; lastKnownFileType = sourcecode.swift; path = SetChapterCardTC.swift; sourceTree = "<group>"; };
		D686916920DFE95D008463DA /* SetCardDetailsViewController.swift */ = {isa = PBXFileReference; lastKnownFileType = sourcecode.swift; path = SetCardDetailsViewController.swift; sourceTree = "<group>"; };
		D68BF25C20D14FE4009008C0 /* UserLoginRequest.swift */ = {isa = PBXFileReference; lastKnownFileType = sourcecode.swift; path = UserLoginRequest.swift; sourceTree = "<group>"; };
		D68BF25F20D15338009008C0 /* UserLoginResponse.swift */ = {isa = PBXFileReference; lastKnownFileType = sourcecode.swift; path = UserLoginResponse.swift; sourceTree = "<group>"; };
		D68BF26220D159EF009008C0 /* StringExtension.swift */ = {isa = PBXFileReference; lastKnownFileType = sourcecode.swift; path = StringExtension.swift; sourceTree = "<group>"; };
		D68BF26420D15A34009008C0 /* DataExtension.swift */ = {isa = PBXFileReference; lastKnownFileType = sourcecode.swift; path = DataExtension.swift; sourceTree = "<group>"; };
		D68BF26620D15CA6009008C0 /* IntExtension.swift */ = {isa = PBXFileReference; lastKnownFileType = sourcecode.swift; path = IntExtension.swift; sourceTree = "<group>"; };
		D692614D20C388AA00194C0B /* UserMessageViewController.storyboard */ = {isa = PBXFileReference; lastKnownFileType = file.storyboard; path = UserMessageViewController.storyboard; sourceTree = "<group>"; };
		D692614F20C388B900194C0B /* UserMessageViewController.swift */ = {isa = PBXFileReference; lastKnownFileType = sourcecode.swift; path = UserMessageViewController.swift; sourceTree = "<group>"; };
		D692615220C38CBE00194C0B /* AboutUsViewController.storyboard */ = {isa = PBXFileReference; lastKnownFileType = file.storyboard; path = AboutUsViewController.storyboard; sourceTree = "<group>"; };
		D692615420C38CCE00194C0B /* AboutUsViewController.swift */ = {isa = PBXFileReference; lastKnownFileType = sourcecode.swift; path = AboutUsViewController.swift; sourceTree = "<group>"; };
		D692615620C3935900194C0B /* FeedbackQuestionViewController.storyboard */ = {isa = PBXFileReference; lastKnownFileType = file.storyboard; path = FeedbackQuestionViewController.storyboard; sourceTree = "<group>"; };
		D692615820C3936900194C0B /* FeedbackQuestionViewController.swift */ = {isa = PBXFileReference; lastKnownFileType = sourcecode.swift; path = FeedbackQuestionViewController.swift; sourceTree = "<group>"; };
		D692615C20C3BE8400194C0B /* MsgStatusTC.xib */ = {isa = PBXFileReference; lastKnownFileType = file.xib; path = MsgStatusTC.xib; sourceTree = "<group>"; };
		D692616020C3C3E000194C0B /* MsgDetailsViewController.storyboard */ = {isa = PBXFileReference; lastKnownFileType = file.storyboard; path = MsgDetailsViewController.storyboard; sourceTree = "<group>"; };
		D692616420C3D00600194C0B /* SetCardDetailsViewController.storyboard */ = {isa = PBXFileReference; lastKnownFileType = file.storyboard; path = SetCardDetailsViewController.storyboard; sourceTree = "<group>"; };
		D692616620C40BBC00194C0B /* TransferChapterViewController.storyboard */ = {isa = PBXFileReference; lastKnownFileType = file.storyboard; path = TransferChapterViewController.storyboard; sourceTree = "<group>"; };
		D692616C20C4140200194C0B /* ImgTitleCell.xib */ = {isa = PBXFileReference; lastKnownFileType = file.xib; path = ImgTitleCell.xib; sourceTree = "<group>"; };
		D69E988920C28C8F0004B6DC /* SetChapterCardSearchShopTC.xib */ = {isa = PBXFileReference; lastKnownFileType = file.xib; path = SetChapterCardSearchShopTC.xib; sourceTree = "<group>"; };
		D69E988C20C2923B0004B6DC /* NoDataView.xib */ = {isa = PBXFileReference; lastKnownFileType = file.xib; path = NoDataView.xib; sourceTree = "<group>"; };
		D69E988E20C2F8FE0004B6DC /* ShopTC.xib */ = {isa = PBXFileReference; lastKnownFileType = file.xib; path = ShopTC.xib; sourceTree = "<group>"; };
		D69E989020C2FEA20004B6DC /* ShopRecommendTC.xib */ = {isa = PBXFileReference; lastKnownFileType = file.xib; path = ShopRecommendTC.xib; sourceTree = "<group>"; };
		D69E989320C311990004B6DC /* BeginningChapterViewController.storyboard */ = {isa = PBXFileReference; lastKnownFileType = file.storyboard; path = BeginningChapterViewController.storyboard; sourceTree = "<group>"; };
		D69E989520C311A90004B6DC /* BeginningChapterViewController.swift */ = {isa = PBXFileReference; lastKnownFileType = sourcecode.swift; path = BeginningChapterViewController.swift; sourceTree = "<group>"; };
		D6A56BA020DDF7F200261BC0 /* RefreshComponents.swift */ = {isa = PBXFileReference; lastKnownFileType = sourcecode.swift; path = RefreshComponents.swift; sourceTree = "<group>"; };
		D6A56BA720DE100100261BC0 /* LocationManager.swift */ = {isa = PBXFileReference; lastKnownFileType = sourcecode.swift; path = LocationManager.swift; sourceTree = "<group>"; };
		D6A56BA920DE15B800261BC0 /* ShopRecommendTC.swift */ = {isa = PBXFileReference; lastKnownFileType = sourcecode.swift; path = ShopRecommendTC.swift; sourceTree = "<group>"; };
		D6A9724520BED84700F8AE39 /* PhoneNumBindViewController.swift */ = {isa = PBXFileReference; lastKnownFileType = sourcecode.swift; path = PhoneNumBindViewController.swift; sourceTree = "<group>"; };
		D6AF653A20DBE5BE00201E08 /* UserShopUnstampResponse.swift */ = {isa = PBXFileReference; lastKnownFileType = sourcecode.swift; path = UserShopUnstampResponse.swift; sourceTree = "<group>"; };
		D6AF653E20DBE6C400201E08 /* UserShopStampRequest.swift */ = {isa = PBXFileReference; fileEncoding = 4; lastKnownFileType = sourcecode.swift; path = UserShopStampRequest.swift; sourceTree = "<group>"; };
		D6AF653F20DBE6C400201E08 /* UserShopUnstampRequest.swift */ = {isa = PBXFileReference; fileEncoding = 4; lastKnownFileType = sourcecode.swift; path = UserShopUnstampRequest.swift; sourceTree = "<group>"; };
		D6AF654220DBE79A00201E08 /* UserDoNateStampResponse.swift */ = {isa = PBXFileReference; lastKnownFileType = sourcecode.swift; path = UserDoNateStampResponse.swift; sourceTree = "<group>"; };
		D6AF654620DBE9F300201E08 /* UserDoNateStampRequest.swift */ = {isa = PBXFileReference; lastKnownFileType = sourcecode.swift; path = UserDoNateStampRequest.swift; sourceTree = "<group>"; };
		D6AF654820DBEAF800201E08 /* UserAskForStampResponse.swift */ = {isa = PBXFileReference; lastKnownFileType = sourcecode.swift; path = UserAskForStampResponse.swift; sourceTree = "<group>"; };
		D6AF654A20DBEB3000201E08 /* UserAskForStampRequest.swift */ = {isa = PBXFileReference; lastKnownFileType = sourcecode.swift; path = UserAskForStampRequest.swift; sourceTree = "<group>"; };
		D6AF654C20DBEBDE00201E08 /* UserGetFromStampMsgsResponse.swift */ = {isa = PBXFileReference; lastKnownFileType = sourcecode.swift; path = UserGetFromStampMsgsResponse.swift; sourceTree = "<group>"; };
		D6AF654E20DBECF000201E08 /* UserGetFromStampMsgsRequest.swift */ = {isa = PBXFileReference; lastKnownFileType = sourcecode.swift; path = UserGetFromStampMsgsRequest.swift; sourceTree = "<group>"; };
		D6AF655020DBED9700201E08 /* UserReadFromStampMsgResponse.swift */ = {isa = PBXFileReference; lastKnownFileType = sourcecode.swift; path = UserReadFromStampMsgResponse.swift; sourceTree = "<group>"; };
		D6AF655220DBEDDD00201E08 /* UserReadFromStampMsgRequest.swift */ = {isa = PBXFileReference; lastKnownFileType = sourcecode.swift; path = UserReadFromStampMsgRequest.swift; sourceTree = "<group>"; };
		D6AF655420DBEE5A00201E08 /* UserDeleteFromStampMsgResponse.swift */ = {isa = PBXFileReference; lastKnownFileType = sourcecode.swift; path = UserDeleteFromStampMsgResponse.swift; sourceTree = "<group>"; };
		D6AF655620DBEF1400201E08 /* UserDeleteFromStampMsgRequest.swift */ = {isa = PBXFileReference; lastKnownFileType = sourcecode.swift; path = UserDeleteFromStampMsgRequest.swift; sourceTree = "<group>"; };
		D6AF655820DBF01E00201E08 /* UserGetFromStampMsgResponse.swift */ = {isa = PBXFileReference; lastKnownFileType = sourcecode.swift; path = UserGetFromStampMsgResponse.swift; sourceTree = "<group>"; };
		D6AF655A20DBF99A00201E08 /* UserGetFromStampMsgRequest.swift */ = {isa = PBXFileReference; lastKnownFileType = sourcecode.swift; path = UserGetFromStampMsgRequest.swift; sourceTree = "<group>"; };
		D6AF655C20DBF9ED00201E08 /* UserGetRewardsResponse.swift */ = {isa = PBXFileReference; lastKnownFileType = sourcecode.swift; path = UserGetRewardsResponse.swift; sourceTree = "<group>"; };
		D6AF655E20DBFB0E00201E08 /* UserGetRewardsRequest.swift */ = {isa = PBXFileReference; lastKnownFileType = sourcecode.swift; path = UserGetRewardsRequest.swift; sourceTree = "<group>"; };
		D6AF656020DBFB8B00201E08 /* UserRewardStampResponse.swift */ = {isa = PBXFileReference; lastKnownFileType = sourcecode.swift; path = UserRewardStampResponse.swift; sourceTree = "<group>"; };
		D6AF656220DBFC6600201E08 /* UserRewardStampRequest.swift */ = {isa = PBXFileReference; lastKnownFileType = sourcecode.swift; path = UserRewardStampRequest.swift; sourceTree = "<group>"; };
		D6AF656420DBFD1300201E08 /* UserGetRewardsCountResponse.swift */ = {isa = PBXFileReference; lastKnownFileType = sourcecode.swift; path = UserGetRewardsCountResponse.swift; sourceTree = "<group>"; };
		D6AF656620DBFDA500201E08 /* UserGetRewardsCountRequest.swift */ = {isa = PBXFileReference; lastKnownFileType = sourcecode.swift; path = UserGetRewardsCountRequest.swift; sourceTree = "<group>"; };
		D6AF656820DBFE2200201E08 /* UserGetAllShopsResponse.swift */ = {isa = PBXFileReference; lastKnownFileType = sourcecode.swift; path = UserGetAllShopsResponse.swift; sourceTree = "<group>"; };
		D6AF656A20DBFF5E00201E08 /* UserGetAllShopsRequest.swift */ = {isa = PBXFileReference; lastKnownFileType = sourcecode.swift; path = UserGetAllShopsRequest.swift; sourceTree = "<group>"; };
		D6AF656C20DC002600201E08 /* UserFeedbackResponse.swift */ = {isa = PBXFileReference; lastKnownFileType = sourcecode.swift; path = UserFeedbackResponse.swift; sourceTree = "<group>"; };
		D6AF656E20DC005000201E08 /* UserFeedbackRequest.swift */ = {isa = PBXFileReference; lastKnownFileType = sourcecode.swift; path = UserFeedbackRequest.swift; sourceTree = "<group>"; };
		D6AF657020DC013F00201E08 /* UserCheckUserResponse.swift */ = {isa = PBXFileReference; lastKnownFileType = sourcecode.swift; path = UserCheckUserResponse.swift; sourceTree = "<group>"; };
		D6AF657220DC01C700201E08 /* UserCheckUserRequest.swift */ = {isa = PBXFileReference; lastKnownFileType = sourcecode.swift; path = UserCheckUserRequest.swift; sourceTree = "<group>"; };
		D6D03FB820DF612A00C9D5C1 /* LogInViewModel.swift */ = {isa = PBXFileReference; lastKnownFileType = sourcecode.swift; path = LogInViewModel.swift; sourceTree = "<group>"; };
		D6D03FBA20DF62AE00C9D5C1 /* RegisterViewModel.swift */ = {isa = PBXFileReference; lastKnownFileType = sourcecode.swift; path = RegisterViewModel.swift; sourceTree = "<group>"; };
		D6D03FBC20DF639600C9D5C1 /* RecoverPasswordViewModel.swift */ = {isa = PBXFileReference; lastKnownFileType = sourcecode.swift; path = RecoverPasswordViewModel.swift; sourceTree = "<group>"; };
		D6D03FBE20DF933E00C9D5C1 /* Wireframe.swift */ = {isa = PBXFileReference; lastKnownFileType = sourcecode.swift; path = Wireframe.swift; sourceTree = "<group>"; };
		D6D2764E20DBDAA80080AEC7 /* UserReadMsgResponse.swift */ = {isa = PBXFileReference; lastKnownFileType = sourcecode.swift; path = UserReadMsgResponse.swift; sourceTree = "<group>"; };
		D6D2765020DBDB5F0080AEC7 /* UserReadMsgRequest.swift */ = {isa = PBXFileReference; lastKnownFileType = sourcecode.swift; path = UserReadMsgRequest.swift; sourceTree = "<group>"; };
		D6D2765220DBDC490080AEC7 /* UserGetSystemMsgsResponse.swift */ = {isa = PBXFileReference; lastKnownFileType = sourcecode.swift; path = UserGetSystemMsgsResponse.swift; sourceTree = "<group>"; };
		D6D2765420DBDD3B0080AEC7 /* UserGetSystemMsgsRequest.swift */ = {isa = PBXFileReference; lastKnownFileType = sourcecode.swift; path = UserGetSystemMsgsRequest.swift; sourceTree = "<group>"; };
		D6D2765620DBDDBF0080AEC7 /* UserShopStampResponse.swift */ = {isa = PBXFileReference; lastKnownFileType = sourcecode.swift; path = UserShopStampResponse.swift; sourceTree = "<group>"; };
		D6E4874920D6394D002C3D63 /* GuidePageOne.storyboard */ = {isa = PBXFileReference; lastKnownFileType = file.storyboard; path = GuidePageOne.storyboard; sourceTree = "<group>"; };
		D6E4874B20D6395D002C3D63 /* GuidePageTwo.storyboard */ = {isa = PBXFileReference; lastKnownFileType = file.storyboard; path = GuidePageTwo.storyboard; sourceTree = "<group>"; };
		D6E4874D20D6396E002C3D63 /* GuidePageThree.storyboard */ = {isa = PBXFileReference; lastKnownFileType = file.storyboard; path = GuidePageThree.storyboard; sourceTree = "<group>"; };
		D6E4874F20D65D22002C3D63 /* UserGetCodeRequest.swift */ = {isa = PBXFileReference; lastKnownFileType = sourcecode.swift; path = UserGetCodeRequest.swift; sourceTree = "<group>"; };
		D6E4875120D65E65002C3D63 /* UserGetCodeResponse.swift */ = {isa = PBXFileReference; lastKnownFileType = sourcecode.swift; path = UserGetCodeResponse.swift; sourceTree = "<group>"; };
		D6E4875320D65F76002C3D63 /* UserRegisterResponse.swift */ = {isa = PBXFileReference; lastKnownFileType = sourcecode.swift; path = UserRegisterResponse.swift; sourceTree = "<group>"; };
		D6E4875520D65FF1002C3D63 /* UserRegisterRequest.swift */ = {isa = PBXFileReference; lastKnownFileType = sourcecode.swift; path = UserRegisterRequest.swift; sourceTree = "<group>"; };
		D6E4875720D66139002C3D63 /* UserUpdatetokenResponse.swift */ = {isa = PBXFileReference; lastKnownFileType = sourcecode.swift; path = UserUpdatetokenResponse.swift; sourceTree = "<group>"; };
		D6E4875920D6641C002C3D63 /* UserUpdatetokenRequest.swift */ = {isa = PBXFileReference; lastKnownFileType = sourcecode.swift; path = UserUpdatetokenRequest.swift; sourceTree = "<group>"; };
		D6E4875B20D665AD002C3D63 /* UserChangePwdResponse.swift */ = {isa = PBXFileReference; lastKnownFileType = sourcecode.swift; path = UserChangePwdResponse.swift; sourceTree = "<group>"; };
		D6E4875D20D665EC002C3D63 /* UserChangePwdRequest.swift */ = {isa = PBXFileReference; lastKnownFileType = sourcecode.swift; path = UserChangePwdRequest.swift; sourceTree = "<group>"; };
		D6E4875F20D6667C002C3D63 /* UserFindPwdResponse.swift */ = {isa = PBXFileReference; lastKnownFileType = sourcecode.swift; path = UserFindPwdResponse.swift; sourceTree = "<group>"; };
		D6E4876120D666A9002C3D63 /* UserFindPwdRequest.swift */ = {isa = PBXFileReference; lastKnownFileType = sourcecode.swift; path = UserFindPwdRequest.swift; sourceTree = "<group>"; };
		D6E4876320D66724002C3D63 /* UserUpdateUserResponse.swift */ = {isa = PBXFileReference; lastKnownFileType = sourcecode.swift; path = UserUpdateUserResponse.swift; sourceTree = "<group>"; };
		D6E4876520D6695D002C3D63 /* UserUpdateUserRequest.swift */ = {isa = PBXFileReference; lastKnownFileType = sourcecode.swift; path = UserUpdateUserRequest.swift; sourceTree = "<group>"; };
		D6E4876920D6951B002C3D63 /* UserUpdateLatlngResponse.swift */ = {isa = PBXFileReference; lastKnownFileType = sourcecode.swift; path = UserUpdateLatlngResponse.swift; sourceTree = "<group>"; };
		D6E4876B20D6953F002C3D63 /* UserUpdateLatlngRequest.swift */ = {isa = PBXFileReference; lastKnownFileType = sourcecode.swift; path = UserUpdateLatlngRequest.swift; sourceTree = "<group>"; };
		D6E4876D20D69645002C3D63 /* UserGetResponse.swift */ = {isa = PBXFileReference; lastKnownFileType = sourcecode.swift; path = UserGetResponse.swift; sourceTree = "<group>"; };
		D6E4876F20D69933002C3D63 /* UserOauthLoginResponse.swift */ = {isa = PBXFileReference; lastKnownFileType = sourcecode.swift; path = UserOauthLoginResponse.swift; sourceTree = "<group>"; };
		D6E4877120D699C2002C3D63 /* UserOauthLoginRequest.swift */ = {isa = PBXFileReference; lastKnownFileType = sourcecode.swift; path = UserOauthLoginRequest.swift; sourceTree = "<group>"; };
		D6E4877320D69B9F002C3D63 /* UserGetCollectShopsResponse.swift */ = {isa = PBXFileReference; lastKnownFileType = sourcecode.swift; path = UserGetCollectShopsResponse.swift; sourceTree = "<group>"; };
		D6E98B2920DDCEA5007CC81E /* ShopTC.swift */ = {isa = PBXFileReference; lastKnownFileType = sourcecode.swift; path = ShopTC.swift; sourceTree = "<group>"; };
		D6F2130020BAF49E004451FB /* Bridging-Header.h */ = {isa = PBXFileReference; lastKnownFileType = sourcecode.c.h; path = "Bridging-Header.h"; sourceTree = "<group>"; };
		D6F494B120D955DC003A09E1 /* UserGetCollectShopsRequest.swift */ = {isa = PBXFileReference; lastKnownFileType = sourcecode.swift; path = UserGetCollectShopsRequest.swift; sourceTree = "<group>"; };
		D6F494B320D956D8003A09E1 /* UserShopCollectResponse.swift */ = {isa = PBXFileReference; lastKnownFileType = sourcecode.swift; path = UserShopCollectResponse.swift; sourceTree = "<group>"; };
		D6F494B520D95721003A09E1 /* UserShopCollectRequest.swift */ = {isa = PBXFileReference; lastKnownFileType = sourcecode.swift; path = UserShopCollectRequest.swift; sourceTree = "<group>"; };
		D6F494B720D95800003A09E1 /* UserShopUnCollectResponse.swift */ = {isa = PBXFileReference; lastKnownFileType = sourcecode.swift; path = UserShopUnCollectResponse.swift; sourceTree = "<group>"; };
		D6F494B920D95828003A09E1 /* UserShopUnCollectRequest.swift */ = {isa = PBXFileReference; lastKnownFileType = sourcecode.swift; path = UserShopUnCollectRequest.swift; sourceTree = "<group>"; };
		D6F494BB20D95894003A09E1 /* UserGetShopStateResponse.swift */ = {isa = PBXFileReference; lastKnownFileType = sourcecode.swift; path = UserGetShopStateResponse.swift; sourceTree = "<group>"; };
		D6F494BD20D95BC4003A09E1 /* UserGetShopStateRequest.swift */ = {isa = PBXFileReference; lastKnownFileType = sourcecode.swift; path = UserGetShopStateRequest.swift; sourceTree = "<group>"; };
		D6F494BF20D95CC8003A09E1 /* UserShopGetResponse.swift */ = {isa = PBXFileReference; lastKnownFileType = sourcecode.swift; path = UserShopGetResponse.swift; sourceTree = "<group>"; };
		D6F494C120D96079003A09E1 /* UserShopGetRequest.swift */ = {isa = PBXFileReference; lastKnownFileType = sourcecode.swift; path = UserShopGetRequest.swift; sourceTree = "<group>"; };
		D6F494C320D96160003A09E1 /* UserGetShopsResponse.swift */ = {isa = PBXFileReference; lastKnownFileType = sourcecode.swift; path = UserGetShopsResponse.swift; sourceTree = "<group>"; };
		D6F494C520D96253003A09E1 /* UserGetShopsByLatlngRequest.swift */ = {isa = PBXFileReference; lastKnownFileType = sourcecode.swift; path = UserGetShopsByLatlngRequest.swift; sourceTree = "<group>"; };
		D6F494C720D96385003A09E1 /* UserGetShopsByAddressRequest.swift */ = {isa = PBXFileReference; lastKnownFileType = sourcecode.swift; path = UserGetShopsByAddressRequest.swift; sourceTree = "<group>"; };
		D6F494C920D96442003A09E1 /* UserGetCouponsResponse.swift */ = {isa = PBXFileReference; lastKnownFileType = sourcecode.swift; path = UserGetCouponsResponse.swift; sourceTree = "<group>"; };
		D6F494CB20D9656E003A09E1 /* UserGetCouponsRequest.swift */ = {isa = PBXFileReference; lastKnownFileType = sourcecode.swift; path = UserGetCouponsRequest.swift; sourceTree = "<group>"; };
		D6F494CD20D96634003A09E1 /* UserGetShopMsgsResponse.swift */ = {isa = PBXFileReference; lastKnownFileType = sourcecode.swift; path = UserGetShopMsgsResponse.swift; sourceTree = "<group>"; };
		D6F494CF20D96708003A09E1 /* UserGetShopMsgsRequest.swift */ = {isa = PBXFileReference; lastKnownFileType = sourcecode.swift; path = UserGetShopMsgsRequest.swift; sourceTree = "<group>"; };
		D6F494D120D967A7003A09E1 /* UserGetShopMsgResponse.swift */ = {isa = PBXFileReference; lastKnownFileType = sourcecode.swift; path = UserGetShopMsgResponse.swift; sourceTree = "<group>"; };
		D6F494D320D9685E003A09E1 /* UserGetShopMsgRequest.swift */ = {isa = PBXFileReference; lastKnownFileType = sourcecode.swift; path = UserGetShopMsgRequest.swift; sourceTree = "<group>"; };
		D6F494D520D9691A003A09E1 /* UserDeleteMsgResponse.swift */ = {isa = PBXFileReference; lastKnownFileType = sourcecode.swift; path = UserDeleteMsgResponse.swift; sourceTree = "<group>"; };
		D6F494D720D96951003A09E1 /* UserDeleteMsgRequest.swift */ = {isa = PBXFileReference; lastKnownFileType = sourcecode.swift; path = UserDeleteMsgRequest.swift; sourceTree = "<group>"; };
		D6F494D920D969D8003A09E1 /* UserGetMsgResponse.swift */ = {isa = PBXFileReference; lastKnownFileType = sourcecode.swift; path = UserGetMsgResponse.swift; sourceTree = "<group>"; };
		D6F494DB20D96AE0003A09E1 /* UserGetMsgRequest.swift */ = {isa = PBXFileReference; lastKnownFileType = sourcecode.swift; path = UserGetMsgRequest.swift; sourceTree = "<group>"; };
		D6F6C6E620CD3BA300D9ADC1 /* Request.swift */ = {isa = PBXFileReference; lastKnownFileType = sourcecode.swift; path = Request.swift; sourceTree = "<group>"; };
		D6F6C6E820CD3BEE00D9ADC1 /* RequestSender.swift */ = {isa = PBXFileReference; lastKnownFileType = sourcecode.swift; path = RequestSender.swift; sourceTree = "<group>"; };
		D6F6C6EA20CD3C3900D9ADC1 /* RxSessionRequestSender.swift */ = {isa = PBXFileReference; lastKnownFileType = sourcecode.swift; path = RxSessionRequestSender.swift; sourceTree = "<group>"; };
		D6F6C6EC20CD3C5F00D9ADC1 /* BaseRequest.swift */ = {isa = PBXFileReference; lastKnownFileType = sourcecode.swift; path = BaseRequest.swift; sourceTree = "<group>"; };
		D6F6C6EE20CD3CB300D9ADC1 /* Authentication.swift */ = {isa = PBXFileReference; lastKnownFileType = sourcecode.swift; path = Authentication.swift; sourceTree = "<group>"; };
		D6F6C6F020CD3CD500D9ADC1 /* ResponseError.swift */ = {isa = PBXFileReference; lastKnownFileType = sourcecode.swift; path = ResponseError.swift; sourceTree = "<group>"; };
		FEAD7D3BC13A08E5C9E215FB /* Pods-EveryStamp.debug.xcconfig */ = {isa = PBXFileReference; includeInIndex = 1; lastKnownFileType = text.xcconfig; name = "Pods-EveryStamp.debug.xcconfig"; path = "Pods/Target Support Files/Pods-EveryStamp/Pods-EveryStamp.debug.xcconfig"; sourceTree = "<group>"; };
/* End PBXFileReference section */

/* Begin PBXFrameworksBuildPhase section */
		1D132CA120B18CBB000CEE6D /* Frameworks */ = {
			isa = PBXFrameworksBuildPhase;
			buildActionMask = 2147483647;
			files = (
				5140F57CE731BDC1DCDED343 /* Pods_EveryStamp.framework in Frameworks */,
			);
			runOnlyForDeploymentPostprocessing = 0;
		};
/* End PBXFrameworksBuildPhase section */

/* Begin PBXGroup section */
		1D132C9B20B18CBB000CEE6D = {
			isa = PBXGroup;
			children = (
				1D132CA620B18CBB000CEE6D /* EveryStamp */,
				1D132CA520B18CBB000CEE6D /* Products */,
				AF3FBCE6C329BCE6AD10EE3D /* Pods */,
				CC468D57F1795FE3F5ABCA25 /* Frameworks */,
			);
			sourceTree = "<group>";
		};
		1D132CA520B18CBB000CEE6D /* Products */ = {
			isa = PBXGroup;
			children = (
				1D132CA420B18CBB000CEE6D /* EveryStamp.app */,
			);
			name = Products;
			sourceTree = "<group>";
		};
		1D132CA620B18CBB000CEE6D /* EveryStamp */ = {
			isa = PBXGroup;
			children = (
				D6A56BA220DE0E5200261BC0 /* Tool */,
				D68BF26120D159C7009008C0 /* Extension */,
				D675413F20CC2EE200D07E9C /* Models */,
				1D132CB920B1A71D000CEE6D /* Screen */,
				1D132CA720B18CBB000CEE6D /* AppDelegate.swift */,
				1D132CA920B18CBB000CEE6D /* ViewController.swift */,
				D6F2130020BAF49E004451FB /* Bridging-Header.h */,
				1D132CAB20B18CBB000CEE6D /* Main.storyboard */,
				1D132CAE20B18CBB000CEE6D /* Assets.xcassets */,
				1D132CB020B18CBB000CEE6D /* LaunchScreen.storyboard */,
				1D132CB320B18CBB000CEE6D /* Info.plist */,
			);
			path = EveryStamp;
			sourceTree = "<group>";
		};
		1D132CB920B1A71D000CEE6D /* Screen */ = {
			isa = PBXGroup;
			children = (
				D692615120C38C8200194C0B /* ViewController */,
				D69E988B20C2907A0004B6DC /* View */,
				D670B60220BDA55400951BDA /* TableViewCell */,
				1D4C0BA920BA95AF00583735 /* RegisterAndLogin */,
				1DEDA2D720B4477C001A5AA1 /* Stores */,
				1DEDA2D820B447A8001A5AA1 /* SetChapter */,
				1DEDA2D920B447C6001A5AA1 /* SetCard */,
				1DEDA2DA20B447E9001A5AA1 /* Mine */,
				1D132CBA20B1A8CC000CEE6D /* MainTabBar.storyboard */,
				D670B60020BDA2A300951BDA /* NoInternetViewController.storyboard */,
				D670B60520BDAD7600951BDA /* PhoneNumBindViewController.storyboard */,
				D6A9724520BED84700F8AE39 /* PhoneNumBindViewController.swift */,
			);
			path = Screen;
			sourceTree = "<group>";
		};
		1D4C0BA920BA95AF00583735 /* RegisterAndLogin */ = {
			isa = PBXGroup;
			children = (
				D67E97E820DF4371007EA35A /* LogInViewController.storyboard */,
				D67E97E620DF4371007EA35A /* LogInViewController.swift */,
				D6D03FB820DF612A00C9D5C1 /* LogInViewModel.swift */,
				D67E97E720DF4371007EA35A /* RegisterViewController.storyboard */,
				D67E97E520DF4371007EA35A /* RegisterViewController.swift */,
				D6D03FBA20DF62AE00C9D5C1 /* RegisterViewModel.swift */,
				D67E97E420DF4371007EA35A /* RecoverPasswordViewController.storyboard */,
				D67E97EE20DF4500007EA35A /* RecoverPasswordViewController.swift */,
				D6D03FBC20DF639600C9D5C1 /* RecoverPasswordViewModel.swift */,
			);
			path = RegisterAndLogin;
			sourceTree = "<group>";
		};
		1D4C0BAD20BA97FB00583735 /* SearchShop */ = {
			isa = PBXGroup;
			children = (
				1D4C0BAE20BA982C00583735 /* SearchShopViewController.storyboard */,
				1D4C0BB020BA9ACA00583735 /* SearchShopViewController.swift */,
				1D4C0BB420BA9D6C00583735 /* SearchSpeciesCell.swift */,
			);
			path = SearchShop;
			sourceTree = "<group>";
		};
		1DEDA2D720B4477C001A5AA1 /* Stores */ = {
			isa = PBXGroup;
			children = (
				D6789B4920DE8FD1009071BF /* ShopDetail */,
				1D4C0BAD20BA97FB00583735 /* SearchShop */,
				1DEDA2DB20B44BFB001A5AA1 /* StoreViewController.storyboard */,
				1DEDA2DD20B44C0E001A5AA1 /* StoreViewController.swift */,
				1DEDA2DF20B44C26001A5AA1 /* StoreViewModel.swift */,
			);
			path = Stores;
			sourceTree = "<group>";
		};
		1DEDA2D820B447A8001A5AA1 /* SetChapter */ = {
			isa = PBXGroup;
			children = (
				D69E989220C3116C0004B6DC /* BeginningChapter */,
				1DEDA2E120B44C4D001A5AA1 /* SetChapterViewController.storyboard */,
				1DEDA2E320B44C5A001A5AA1 /* SetChapterViewController.swift */,
				1DEDA2E520B44C67001A5AA1 /* SetChapterViewModel.swift */,
			);
			path = SetChapter;
			sourceTree = "<group>";
		};
		1DEDA2D920B447C6001A5AA1 /* SetCard */ = {
			isa = PBXGroup;
			children = (
				1DEDA2E720B44C79001A5AA1 /* SetCardViewController.storyboard */,
				1DEDA2E920B44C85001A5AA1 /* SetCardViewController.swift */,
				1DEDA2EB20B44CA0001A5AA1 /* SetCardViewModel.swift */,
			);
			path = SetCard;
			sourceTree = "<group>";
		};
		1DEDA2DA20B447E9001A5AA1 /* Mine */ = {
			isa = PBXGroup;
			children = (
				D692614C20C3887100194C0B /* UserMessage */,
				1DEDA2ED20B44CB8001A5AA1 /* MineViewController.storyboard */,
				1DEDA2EF20B44CC9001A5AA1 /* MineViewController.swift */,
				1DEDA2F120B44CD7001A5AA1 /* MineViewModel.swift */,
			);
			path = Mine;
			sourceTree = "<group>";
		};
		AF3FBCE6C329BCE6AD10EE3D /* Pods */ = {
			isa = PBXGroup;
			children = (
				FEAD7D3BC13A08E5C9E215FB /* Pods-EveryStamp.debug.xcconfig */,
				0E18ED2B208FA42DA622DBD8 /* Pods-EveryStamp.release.xcconfig */,
			);
			name = Pods;
			sourceTree = "<group>";
		};
		CC468D57F1795FE3F5ABCA25 /* Frameworks */ = {
			isa = PBXGroup;
			children = (
				1D5D34780E761AB60DF07CAC /* Pods_EveryStamp.framework */,
			);
			name = Frameworks;
			sourceTree = "<group>";
		};
		D670B60220BDA55400951BDA /* TableViewCell */ = {
			isa = PBXGroup;
			children = (
				D670B60320BDA61800951BDA /* SetChapterTC.xib */,
				D6529C1D20C0090E00F5E7E9 /* SetChapterCardTC.xib */,
				D69E988920C28C8F0004B6DC /* SetChapterCardSearchShopTC.xib */,
				D69E988E20C2F8FE0004B6DC /* ShopTC.xib */,
				D69E989020C2FEA20004B6DC /* ShopRecommendTC.xib */,
				D692615C20C3BE8400194C0B /* MsgStatusTC.xib */,
				D692616C20C4140200194C0B /* ImgTitleCell.xib */,
				D6E98B2920DDCEA5007CC81E /* ShopTC.swift */,
				D6A56BA920DE15B800261BC0 /* ShopRecommendTC.swift */,
				D686916720DFE44D008463DA /* SetChapterCardTC.swift */,
			);
			path = TableViewCell;
			sourceTree = "<group>";
		};
		D675413F20CC2EE200D07E9C /* Models */ = {
			isa = PBXGroup;
			children = (
				D675414120CC2F1E00D07E9C /* Remote */,
				D675414020CC2EFD00D07E9C /* Local */,
			);
			path = Models;
			sourceTree = "<group>";
		};
		D675414020CC2EFD00D07E9C /* Local */ = {
			isa = PBXGroup;
			children = (
			);
			path = Local;
			sourceTree = "<group>";
		};
		D675414120CC2F1E00D07E9C /* Remote */ = {
			isa = PBXGroup;
			children = (
				D6F6C6F320CD3E3700D9ADC1 /* Response */,
				D6F6C6E520CD3B8600D9ADC1 /* Request */,
			);
			path = Remote;
			sourceTree = "<group>";
		};
		D6789B4920DE8FD1009071BF /* ShopDetail */ = {
			isa = PBXGroup;
			children = (
				D6789B4E20DE9485009071BF /* ShopDetailsViewController.storyboard */,
				D6789B4C20DE944E009071BF /* ShopDetailsViewController.swift */,
				D6789B5020DE9514009071BF /* ShopDetailsTC.swift */,
				D6789B5220DE966D009071BF /* ShopDetailsTC.xib */,
				D6789B5420DE9755009071BF /* ShopDetailsViewModel.swift */,
			);
			path = ShopDetail;
			sourceTree = "<group>";
		};
		D68BF25B20D14F98009008C0 /* UserRequest */ = {
			isa = PBXGroup;
			children = (
				D68BF25C20D14FE4009008C0 /* UserLoginRequest.swift */,
				D6E4874F20D65D22002C3D63 /* UserGetCodeRequest.swift */,
				D6E4875520D65FF1002C3D63 /* UserRegisterRequest.swift */,
				D6E4875920D6641C002C3D63 /* UserUpdatetokenRequest.swift */,
				D6E4875D20D665EC002C3D63 /* UserChangePwdRequest.swift */,
				D6E4876120D666A9002C3D63 /* UserFindPwdRequest.swift */,
				D6E4876520D6695D002C3D63 /* UserUpdateUserRequest.swift */,
				D6E4876B20D6953F002C3D63 /* UserUpdateLatlngRequest.swift */,
				D6E4877120D699C2002C3D63 /* UserOauthLoginRequest.swift */,
				D6F494B120D955DC003A09E1 /* UserGetCollectShopsRequest.swift */,
				D6F494B520D95721003A09E1 /* UserShopCollectRequest.swift */,
				D6F494B920D95828003A09E1 /* UserShopUnCollectRequest.swift */,
				D6F494BD20D95BC4003A09E1 /* UserGetShopStateRequest.swift */,
				D6F494C120D96079003A09E1 /* UserShopGetRequest.swift */,
				D6F494C520D96253003A09E1 /* UserGetShopsByLatlngRequest.swift */,
				D6F494C720D96385003A09E1 /* UserGetShopsByAddressRequest.swift */,
				D6F494CB20D9656E003A09E1 /* UserGetCouponsRequest.swift */,
				D6F494CF20D96708003A09E1 /* UserGetShopMsgsRequest.swift */,
				D6F494D320D9685E003A09E1 /* UserGetShopMsgRequest.swift */,
				D6F494D720D96951003A09E1 /* UserDeleteMsgRequest.swift */,
				D6F494DB20D96AE0003A09E1 /* UserGetMsgRequest.swift */,
				D6D2765020DBDB5F0080AEC7 /* UserReadMsgRequest.swift */,
				D6D2765420DBDD3B0080AEC7 /* UserGetSystemMsgsRequest.swift */,
				D6AF653E20DBE6C400201E08 /* UserShopStampRequest.swift */,
				D6AF653F20DBE6C400201E08 /* UserShopUnstampRequest.swift */,
				D6AF654620DBE9F300201E08 /* UserDoNateStampRequest.swift */,
				D6AF654A20DBEB3000201E08 /* UserAskForStampRequest.swift */,
				D6AF654E20DBECF000201E08 /* UserGetFromStampMsgsRequest.swift */,
				D6AF655220DBEDDD00201E08 /* UserReadFromStampMsgRequest.swift */,
				D6AF655620DBEF1400201E08 /* UserDeleteFromStampMsgRequest.swift */,
				D6AF655A20DBF99A00201E08 /* UserGetFromStampMsgRequest.swift */,
				D6AF655E20DBFB0E00201E08 /* UserGetRewardsRequest.swift */,
				D6AF656220DBFC6600201E08 /* UserRewardStampRequest.swift */,
				D6AF656620DBFDA500201E08 /* UserGetRewardsCountRequest.swift */,
				D6AF656A20DBFF5E00201E08 /* UserGetAllShopsRequest.swift */,
				D6AF656E20DC005000201E08 /* UserFeedbackRequest.swift */,
				D6AF657220DC01C700201E08 /* UserCheckUserRequest.swift */,
			);
			path = UserRequest;
			sourceTree = "<group>";
		};
		D68BF25E20D15318009008C0 /* UserResponse */ = {
			isa = PBXGroup;
			children = (
				D68BF25F20D15338009008C0 /* UserLoginResponse.swift */,
				D6E4876D20D69645002C3D63 /* UserGetResponse.swift */,
				D6E4875120D65E65002C3D63 /* UserGetCodeResponse.swift */,
				D6E4875320D65F76002C3D63 /* UserRegisterResponse.swift */,
				D6E4875720D66139002C3D63 /* UserUpdatetokenResponse.swift */,
				D6E4875B20D665AD002C3D63 /* UserChangePwdResponse.swift */,
				D6E4875F20D6667C002C3D63 /* UserFindPwdResponse.swift */,
				D6E4876320D66724002C3D63 /* UserUpdateUserResponse.swift */,
				D6E4876920D6951B002C3D63 /* UserUpdateLatlngResponse.swift */,
				D6E4876F20D69933002C3D63 /* UserOauthLoginResponse.swift */,
				D6E4877320D69B9F002C3D63 /* UserGetCollectShopsResponse.swift */,
				D6F494B320D956D8003A09E1 /* UserShopCollectResponse.swift */,
				D6F494B720D95800003A09E1 /* UserShopUnCollectResponse.swift */,
				D6F494BB20D95894003A09E1 /* UserGetShopStateResponse.swift */,
				D6F494BF20D95CC8003A09E1 /* UserShopGetResponse.swift */,
				D6F494C320D96160003A09E1 /* UserGetShopsResponse.swift */,
				D6F494C920D96442003A09E1 /* UserGetCouponsResponse.swift */,
				D6F494CD20D96634003A09E1 /* UserGetShopMsgsResponse.swift */,
				D6F494D120D967A7003A09E1 /* UserGetShopMsgResponse.swift */,
				D6F494D520D9691A003A09E1 /* UserDeleteMsgResponse.swift */,
				D6F494D920D969D8003A09E1 /* UserGetMsgResponse.swift */,
				D6D2764E20DBDAA80080AEC7 /* UserReadMsgResponse.swift */,
				D6D2765220DBDC490080AEC7 /* UserGetSystemMsgsResponse.swift */,
				D6D2765620DBDDBF0080AEC7 /* UserShopStampResponse.swift */,
				D6AF653A20DBE5BE00201E08 /* UserShopUnstampResponse.swift */,
				D6AF654220DBE79A00201E08 /* UserDoNateStampResponse.swift */,
				D6AF654820DBEAF800201E08 /* UserAskForStampResponse.swift */,
				D6AF654C20DBEBDE00201E08 /* UserGetFromStampMsgsResponse.swift */,
				D6AF655020DBED9700201E08 /* UserReadFromStampMsgResponse.swift */,
				D6AF655420DBEE5A00201E08 /* UserDeleteFromStampMsgResponse.swift */,
				D6AF655820DBF01E00201E08 /* UserGetFromStampMsgResponse.swift */,
				D6AF655C20DBF9ED00201E08 /* UserGetRewardsResponse.swift */,
				D6AF656020DBFB8B00201E08 /* UserRewardStampResponse.swift */,
				D6AF656420DBFD1300201E08 /* UserGetRewardsCountResponse.swift */,
				D6AF656820DBFE2200201E08 /* UserGetAllShopsResponse.swift */,
				D6AF656C20DC002600201E08 /* UserFeedbackResponse.swift */,
				D6AF657020DC013F00201E08 /* UserCheckUserResponse.swift */,
			);
			path = UserResponse;
			sourceTree = "<group>";
		};
		D68BF26120D159C7009008C0 /* Extension */ = {
			isa = PBXGroup;
			children = (
				D68BF26220D159EF009008C0 /* StringExtension.swift */,
				D68BF26420D15A34009008C0 /* DataExtension.swift */,
				D68BF26620D15CA6009008C0 /* IntExtension.swift */,
			);
			path = Extension;
			sourceTree = "<group>";
		};
		D692614C20C3887100194C0B /* UserMessage */ = {
			isa = PBXGroup;
			children = (
				D692614D20C388AA00194C0B /* UserMessageViewController.storyboard */,
				D692614F20C388B900194C0B /* UserMessageViewController.swift */,
			);
			path = UserMessage;
			sourceTree = "<group>";
		};
		D692615120C38C8200194C0B /* ViewController */ = {
			isa = PBXGroup;
			children = (
				D6E4874820D6392C002C3D63 /* GuidePages */,
				D692615220C38CBE00194C0B /* AboutUsViewController.storyboard */,
				D692615420C38CCE00194C0B /* AboutUsViewController.swift */,
				D692615620C3935900194C0B /* FeedbackQuestionViewController.storyboard */,
				D692615820C3936900194C0B /* FeedbackQuestionViewController.swift */,
				D692616020C3C3E000194C0B /* MsgDetailsViewController.storyboard */,
				D692616420C3D00600194C0B /* SetCardDetailsViewController.storyboard */,
				D692616620C40BBC00194C0B /* TransferChapterViewController.storyboard */,
				D686916920DFE95D008463DA /* SetCardDetailsViewController.swift */,
			);
			path = ViewController;
			sourceTree = "<group>";
		};
		D69E988B20C2907A0004B6DC /* View */ = {
			isa = PBXGroup;
			children = (
				D69E988C20C2923B0004B6DC /* NoDataView.xib */,
				D6A56BA020DDF7F200261BC0 /* RefreshComponents.swift */,
			);
			path = View;
			sourceTree = "<group>";
		};
		D69E989220C3116C0004B6DC /* BeginningChapter */ = {
			isa = PBXGroup;
			children = (
				D69E989320C311990004B6DC /* BeginningChapterViewController.storyboard */,
				D69E989520C311A90004B6DC /* BeginningChapterViewController.swift */,
			);
			path = BeginningChapter;
			sourceTree = "<group>";
		};
		D6A56BA220DE0E5200261BC0 /* Tool */ = {
			isa = PBXGroup;
			children = (
				D6A56BA720DE100100261BC0 /* LocationManager.swift */,
				D6789B4720DE6621009071BF /* RequestAPIManager.swift */,
				D6D03FBE20DF933E00C9D5C1 /* Wireframe.swift */,
				D686916520DFD87E008463DA /* AlertErrorManager.swift */,
			);
			path = Tool;
			sourceTree = "<group>";
		};
		D6E4874820D6392C002C3D63 /* GuidePages */ = {
			isa = PBXGroup;
			children = (
				D6E4874920D6394D002C3D63 /* GuidePageOne.storyboard */,
				D6E4874B20D6395D002C3D63 /* GuidePageTwo.storyboard */,
				D6E4874D20D6396E002C3D63 /* GuidePageThree.storyboard */,
			);
			path = GuidePages;
			sourceTree = "<group>";
		};
		D6F6C6E520CD3B8600D9ADC1 /* Request */ = {
			isa = PBXGroup;
			children = (
				D6F6C6F220CD3E1300D9ADC1 /* Requests */,
				D6F6C6E620CD3BA300D9ADC1 /* Request.swift */,
				D6F6C6E820CD3BEE00D9ADC1 /* RequestSender.swift */,
				D6F6C6EA20CD3C3900D9ADC1 /* RxSessionRequestSender.swift */,
				D6F6C6EC20CD3C5F00D9ADC1 /* BaseRequest.swift */,
				D6F6C6EE20CD3CB300D9ADC1 /* Authentication.swift */,
				D6F6C6F020CD3CD500D9ADC1 /* ResponseError.swift */,
			);
			path = Request;
			sourceTree = "<group>";
		};
		D6F6C6F220CD3E1300D9ADC1 /* Requests */ = {
			isa = PBXGroup;
			children = (
				D68BF25B20D14F98009008C0 /* UserRequest */,
			);
			path = Requests;
			sourceTree = "<group>";
		};
		D6F6C6F320CD3E3700D9ADC1 /* Response */ = {
			isa = PBXGroup;
			children = (
				D68BF25E20D15318009008C0 /* UserResponse */,
			);
			path = Response;
			sourceTree = "<group>";
		};
/* End PBXGroup section */

/* Begin PBXNativeTarget section */
		1D132CA320B18CBB000CEE6D /* EveryStamp */ = {
			isa = PBXNativeTarget;
			buildConfigurationList = 1D132CB620B18CBB000CEE6D /* Build configuration list for PBXNativeTarget "EveryStamp" */;
			buildPhases = (
				918612C698AA0479463962DF /* [CP] Check Pods Manifest.lock */,
				1D132CA020B18CBB000CEE6D /* Sources */,
				1D132CA120B18CBB000CEE6D /* Frameworks */,
				1D132CA220B18CBB000CEE6D /* Resources */,
				D572CC3F3FB32E0B784732C7 /* [CP] Embed Pods Frameworks */,
			);
			buildRules = (
			);
			dependencies = (
			);
			name = EveryStamp;
			productName = EveryStamp;
			productReference = 1D132CA420B18CBB000CEE6D /* EveryStamp.app */;
			productType = "com.apple.product-type.application";
		};
/* End PBXNativeTarget section */

/* Begin PBXProject section */
		1D132C9C20B18CBB000CEE6D /* Project object */ = {
			isa = PBXProject;
			attributes = {
				LastSwiftUpdateCheck = 0920;
				LastUpgradeCheck = 0920;
				ORGANIZATIONNAME = zhaolin;
				TargetAttributes = {
					1D132CA320B18CBB000CEE6D = {
						CreatedOnToolsVersion = 9.2;
						ProvisioningStyle = Automatic;
					};
				};
			};
			buildConfigurationList = 1D132C9F20B18CBB000CEE6D /* Build configuration list for PBXProject "EveryStamp" */;
			compatibilityVersion = "Xcode 8.0";
			developmentRegion = en;
			hasScannedForEncodings = 0;
			knownRegions = (
				en,
				Base,
			);
			mainGroup = 1D132C9B20B18CBB000CEE6D;
			productRefGroup = 1D132CA520B18CBB000CEE6D /* Products */;
			projectDirPath = "";
			projectRoot = "";
			targets = (
				1D132CA320B18CBB000CEE6D /* EveryStamp */,
			);
		};
/* End PBXProject section */

/* Begin PBXResourcesBuildPhase section */
		1D132CA220B18CBB000CEE6D /* Resources */ = {
			isa = PBXResourcesBuildPhase;
			buildActionMask = 2147483647;
			files = (
				1D132CB220B18CBB000CEE6D /* LaunchScreen.storyboard in Resources */,
				D69E988D20C2923B0004B6DC /* NoDataView.xib in Resources */,
				1DEDA2DC20B44BFB001A5AA1 /* StoreViewController.storyboard in Resources */,
				D6789B4F20DE9485009071BF /* ShopDetailsViewController.storyboard in Resources */,
				D69E989120C2FEA20004B6DC /* ShopRecommendTC.xib in Resources */,
				D6789B5320DE966D009071BF /* ShopDetailsTC.xib in Resources */,
				1DEDA2E220B44C4D001A5AA1 /* SetChapterViewController.storyboard in Resources */,
				D67E97E920DF4371007EA35A /* RecoverPasswordViewController.storyboard in Resources */,
				D692615D20C3BE8400194C0B /* MsgStatusTC.xib in Resources */,
				1D132CBB20B1A8CC000CEE6D /* MainTabBar.storyboard in Resources */,
				D6E4874C20D6395D002C3D63 /* GuidePageTwo.storyboard in Resources */,
				1DEDA2EE20B44CB8001A5AA1 /* MineViewController.storyboard in Resources */,
				1DEDA2E820B44C79001A5AA1 /* SetCardViewController.storyboard in Resources */,
				D692615720C3935900194C0B /* FeedbackQuestionViewController.storyboard in Resources */,
				D6E4874E20D6396E002C3D63 /* GuidePageThree.storyboard in Resources */,
				D67E97ED20DF4371007EA35A /* LogInViewController.storyboard in Resources */,
				D670B60620BDAD7600951BDA /* PhoneNumBindViewController.storyboard in Resources */,
				D69E989420C311990004B6DC /* BeginningChapterViewController.storyboard in Resources */,
				D692616520C3D00600194C0B /* SetCardDetailsViewController.storyboard in Resources */,
				D6529C1E20C0090E00F5E7E9 /* SetChapterCardTC.xib in Resources */,
				D692616D20C4140200194C0B /* ImgTitleCell.xib in Resources */,
				D670B60120BDA2A300951BDA /* NoInternetViewController.storyboard in Resources */,
				D692616120C3C3E000194C0B /* MsgDetailsViewController.storyboard in Resources */,
				D69E988A20C28C8F0004B6DC /* SetChapterCardSearchShopTC.xib in Resources */,
				D6E4874A20D6394D002C3D63 /* GuidePageOne.storyboard in Resources */,
				D69E988F20C2F8FE0004B6DC /* ShopTC.xib in Resources */,
				1D132CAF20B18CBB000CEE6D /* Assets.xcassets in Resources */,
				1D4C0BAF20BA982C00583735 /* SearchShopViewController.storyboard in Resources */,
				1D132CAD20B18CBB000CEE6D /* Main.storyboard in Resources */,
				D692616720C40BBC00194C0B /* TransferChapterViewController.storyboard in Resources */,
				D692614E20C388AA00194C0B /* UserMessageViewController.storyboard in Resources */,
				D67E97EC20DF4371007EA35A /* RegisterViewController.storyboard in Resources */,
				D692615320C38CBE00194C0B /* AboutUsViewController.storyboard in Resources */,
				D670B60420BDA61800951BDA /* SetChapterTC.xib in Resources */,
			);
			runOnlyForDeploymentPostprocessing = 0;
		};
/* End PBXResourcesBuildPhase section */

/* Begin PBXShellScriptBuildPhase section */
		918612C698AA0479463962DF /* [CP] Check Pods Manifest.lock */ = {
			isa = PBXShellScriptBuildPhase;
			buildActionMask = 2147483647;
			files = (
			);
			inputPaths = (
				"${PODS_PODFILE_DIR_PATH}/Podfile.lock",
				"${PODS_ROOT}/Manifest.lock",
			);
			name = "[CP] Check Pods Manifest.lock";
			outputPaths = (
				"$(DERIVED_FILE_DIR)/Pods-EveryStamp-checkManifestLockResult.txt",
			);
			runOnlyForDeploymentPostprocessing = 0;
			shellPath = /bin/sh;
			shellScript = "diff \"${PODS_PODFILE_DIR_PATH}/Podfile.lock\" \"${PODS_ROOT}/Manifest.lock\" > /dev/null\nif [ $? != 0 ] ; then\n    # print error to STDERR\n    echo \"error: The sandbox is not in sync with the Podfile.lock. Run 'pod install' or update your CocoaPods installation.\" >&2\n    exit 1\nfi\n# This output is used by Xcode 'outputs' to avoid re-running this script phase.\necho \"SUCCESS\" > \"${SCRIPT_OUTPUT_FILE_0}\"\n";
			showEnvVarsInLog = 0;
		};
		D572CC3F3FB32E0B784732C7 /* [CP] Embed Pods Frameworks */ = {
			isa = PBXShellScriptBuildPhase;
			buildActionMask = 2147483647;
			files = (
			);
			inputPaths = (
				"${SRCROOT}/Pods/Target Support Files/Pods-EveryStamp/Pods-EveryStamp-frameworks.sh",
				"${BUILT_PRODUCTS_DIR}/Alamofire/Alamofire.framework",
				"${BUILT_PRODUCTS_DIR}/CocoaLumberjack/CocoaLumberjack.framework",
				"${BUILT_PRODUCTS_DIR}/Differentiator/Differentiator.framework",
				"${BUILT_PRODUCTS_DIR}/Gloss/Gloss.framework",
				"${BUILT_PRODUCTS_DIR}/Kingfisher/Kingfisher.framework",
				"${BUILT_PRODUCTS_DIR}/MJRefresh/MJRefresh.framework",
				"${BUILT_PRODUCTS_DIR}/PKHUD/PKHUD.framework",
				"${BUILT_PRODUCTS_DIR}/Reusable/Reusable.framework",
				"${BUILT_PRODUCTS_DIR}/RxAlamofire/RxAlamofire.framework",
				"${BUILT_PRODUCTS_DIR}/RxCocoa/RxCocoa.framework",
				"${BUILT_PRODUCTS_DIR}/RxDataSources/RxDataSources.framework",
				"${BUILT_PRODUCTS_DIR}/RxKeyboard/RxKeyboard.framework",
				"${BUILT_PRODUCTS_DIR}/RxSwift/RxSwift.framework",
				"${BUILT_PRODUCTS_DIR}/RxWebKit/RxWebKit.framework",
				"${BUILT_PRODUCTS_DIR}/SnapKit/SnapKit.framework",
				"${BUILT_PRODUCTS_DIR}/SwiftyJSON/SwiftyJSON.framework",
			);
			name = "[CP] Embed Pods Frameworks";
			outputPaths = (
				"${TARGET_BUILD_DIR}/${FRAMEWORKS_FOLDER_PATH}/Alamofire.framework",
				"${TARGET_BUILD_DIR}/${FRAMEWORKS_FOLDER_PATH}/CocoaLumberjack.framework",
				"${TARGET_BUILD_DIR}/${FRAMEWORKS_FOLDER_PATH}/Differentiator.framework",
				"${TARGET_BUILD_DIR}/${FRAMEWORKS_FOLDER_PATH}/Gloss.framework",
				"${TARGET_BUILD_DIR}/${FRAMEWORKS_FOLDER_PATH}/Kingfisher.framework",
				"${TARGET_BUILD_DIR}/${FRAMEWORKS_FOLDER_PATH}/MJRefresh.framework",
				"${TARGET_BUILD_DIR}/${FRAMEWORKS_FOLDER_PATH}/PKHUD.framework",
				"${TARGET_BUILD_DIR}/${FRAMEWORKS_FOLDER_PATH}/Reusable.framework",
				"${TARGET_BUILD_DIR}/${FRAMEWORKS_FOLDER_PATH}/RxAlamofire.framework",
				"${TARGET_BUILD_DIR}/${FRAMEWORKS_FOLDER_PATH}/RxCocoa.framework",
				"${TARGET_BUILD_DIR}/${FRAMEWORKS_FOLDER_PATH}/RxDataSources.framework",
				"${TARGET_BUILD_DIR}/${FRAMEWORKS_FOLDER_PATH}/RxKeyboard.framework",
				"${TARGET_BUILD_DIR}/${FRAMEWORKS_FOLDER_PATH}/RxSwift.framework",
				"${TARGET_BUILD_DIR}/${FRAMEWORKS_FOLDER_PATH}/RxWebKit.framework",
				"${TARGET_BUILD_DIR}/${FRAMEWORKS_FOLDER_PATH}/SnapKit.framework",
				"${TARGET_BUILD_DIR}/${FRAMEWORKS_FOLDER_PATH}/SwiftyJSON.framework",
			);
			runOnlyForDeploymentPostprocessing = 0;
			shellPath = /bin/sh;
			shellScript = "\"${SRCROOT}/Pods/Target Support Files/Pods-EveryStamp/Pods-EveryStamp-frameworks.sh\"\n";
			showEnvVarsInLog = 0;
		};
/* End PBXShellScriptBuildPhase section */

/* Begin PBXSourcesBuildPhase section */
		1D132CA020B18CBB000CEE6D /* Sources */ = {
			isa = PBXSourcesBuildPhase;
			buildActionMask = 2147483647;
			files = (
				D6F6C6ED20CD3C5F00D9ADC1 /* BaseRequest.swift in Sources */,
				D6AF657120DC013F00201E08 /* UserCheckUserResponse.swift in Sources */,
				D6AF654120DBE6C500201E08 /* UserShopUnstampRequest.swift in Sources */,
				D6F494DC20D96AE0003A09E1 /* UserGetMsgRequest.swift in Sources */,
				1D4C0BB520BA9D6C00583735 /* SearchSpeciesCell.swift in Sources */,
				D6F494BA20D95828003A09E1 /* UserShopUnCollectRequest.swift in Sources */,
				D6AF656320DBFC6600201E08 /* UserRewardStampRequest.swift in Sources */,
				1DEDA2E020B44C26001A5AA1 /* StoreViewModel.swift in Sources */,
				D6AF655B20DBF99A00201E08 /* UserGetFromStampMsgRequest.swift in Sources */,
				D6F494C020D95CC8003A09E1 /* UserShopGetResponse.swift in Sources */,
				D6AF654720DBE9F300201E08 /* UserDoNateStampRequest.swift in Sources */,
				D68BF26720D15CA6009008C0 /* IntExtension.swift in Sources */,
				D6F494B220D955DC003A09E1 /* UserGetCollectShopsRequest.swift in Sources */,
				D6AF654B20DBEB3000201E08 /* UserAskForStampRequest.swift in Sources */,
				D6E4876C20D6953F002C3D63 /* UserUpdateLatlngRequest.swift in Sources */,
				D6F6C6E920CD3BEE00D9ADC1 /* RequestSender.swift in Sources */,
				D6AF655720DBEF1400201E08 /* UserDeleteFromStampMsgRequest.swift in Sources */,
				D6E4875020D65D22002C3D63 /* UserGetCodeRequest.swift in Sources */,
				D6E4876E20D69645002C3D63 /* UserGetResponse.swift in Sources */,
				D6E4876620D6695D002C3D63 /* UserUpdateUserRequest.swift in Sources */,
				D6F494CE20D96634003A09E1 /* UserGetShopMsgsResponse.swift in Sources */,
				D69E989620C311A90004B6DC /* BeginningChapterViewController.swift in Sources */,
				D692615020C388B900194C0B /* UserMessageViewController.swift in Sources */,
				D6F494BE20D95BC4003A09E1 /* UserGetShopStateRequest.swift in Sources */,
				D6AF655F20DBFB0E00201E08 /* UserGetRewardsRequest.swift in Sources */,
				D6789B4820DE6621009071BF /* RequestAPIManager.swift in Sources */,
				D6A56BA120DDF7F200261BC0 /* RefreshComponents.swift in Sources */,
				D6E4875820D66139002C3D63 /* UserUpdatetokenResponse.swift in Sources */,
				D6AF656920DBFE2200201E08 /* UserGetAllShopsResponse.swift in Sources */,
				D6A56BA820DE100100261BC0 /* LocationManager.swift in Sources */,
				1D132CAA20B18CBB000CEE6D /* ViewController.swift in Sources */,
				D6AF655520DBEE5A00201E08 /* UserDeleteFromStampMsgResponse.swift in Sources */,
				D6D2765320DBDC490080AEC7 /* UserGetSystemMsgsResponse.swift in Sources */,
				D6AF656F20DC005000201E08 /* UserFeedbackRequest.swift in Sources */,
				D6F494C820D96385003A09E1 /* UserGetShopsByAddressRequest.swift in Sources */,
				D686916820DFE44D008463DA /* SetChapterCardTC.swift in Sources */,
				D6F494D820D96951003A09E1 /* UserDeleteMsgRequest.swift in Sources */,
				D6D2765120DBDB5F0080AEC7 /* UserReadMsgRequest.swift in Sources */,
				D692615920C3936900194C0B /* FeedbackQuestionViewController.swift in Sources */,
				D6D2765720DBDDBF0080AEC7 /* UserShopStampResponse.swift in Sources */,
				D67E97EA20DF4371007EA35A /* RegisterViewController.swift in Sources */,
				D68BF26020D15338009008C0 /* UserLoginResponse.swift in Sources */,
				D6A9724620BED84700F8AE39 /* PhoneNumBindViewController.swift in Sources */,
				D6F494B420D956D8003A09E1 /* UserShopCollectResponse.swift in Sources */,
				D6AF656120DBFB8B00201E08 /* UserRewardStampResponse.swift in Sources */,
				1DEDA2F020B44CC9001A5AA1 /* MineViewController.swift in Sources */,
				D6F6C6EB20CD3C3900D9ADC1 /* RxSessionRequestSender.swift in Sources */,
				D6F494D220D967A7003A09E1 /* UserGetShopMsgResponse.swift in Sources */,
				D6AF654D20DBEBDE00201E08 /* UserGetFromStampMsgsResponse.swift in Sources */,
				D6789B5520DE9755009071BF /* ShopDetailsViewModel.swift in Sources */,
				D6F494CA20D96442003A09E1 /* UserGetCouponsResponse.swift in Sources */,
				D68BF25D20D14FE4009008C0 /* UserLoginRequest.swift in Sources */,
				D6D03FBB20DF62AE00C9D5C1 /* RegisterViewModel.swift in Sources */,
				D6F494B620D95721003A09E1 /* UserShopCollectRequest.swift in Sources */,
				D686916A20DFE95D008463DA /* SetCardDetailsViewController.swift in Sources */,
				D6E4877020D69933002C3D63 /* UserOauthLoginResponse.swift in Sources */,
				D6AF654020DBE6C500201E08 /* UserShopStampRequest.swift in Sources */,
				D6F494B820D95800003A09E1 /* UserShopUnCollectResponse.swift in Sources */,
				1DEDA2F220B44CD7001A5AA1 /* MineViewModel.swift in Sources */,
				D6AF655920DBF01E00201E08 /* UserGetFromStampMsgResponse.swift in Sources */,
				D692615520C38CCE00194C0B /* AboutUsViewController.swift in Sources */,
				D6789B5120DE9514009071BF /* ShopDetailsTC.swift in Sources */,
				D6E4875620D65FF1002C3D63 /* UserRegisterRequest.swift in Sources */,
				1D132CA820B18CBB000CEE6D /* AppDelegate.swift in Sources */,
				1D4C0BB120BA9ACA00583735 /* SearchShopViewController.swift in Sources */,
				D6AF656D20DC002600201E08 /* UserFeedbackResponse.swift in Sources */,
				D6E4877420D69B9F002C3D63 /* UserGetCollectShopsResponse.swift in Sources */,
				D6E4875420D65F76002C3D63 /* UserRegisterResponse.swift in Sources */,
				1DEDA2EC20B44CA0001A5AA1 /* SetCardViewModel.swift in Sources */,
				D6AF656520DBFD1300201E08 /* UserGetRewardsCountResponse.swift in Sources */,
				D6E4876420D66724002C3D63 /* UserUpdateUserResponse.swift in Sources */,
				D67E97EB20DF4371007EA35A /* LogInViewController.swift in Sources */,
				D6F494C220D96079003A09E1 /* UserShopGetRequest.swift in Sources */,
				1DEDA2DE20B44C0E001A5AA1 /* StoreViewController.swift in Sources */,
				D6E4875220D65E65002C3D63 /* UserGetCodeResponse.swift in Sources */,
				D6F494CC20D9656E003A09E1 /* UserGetCouponsRequest.swift in Sources */,
				D6F494C620D96253003A09E1 /* UserGetShopsByLatlngRequest.swift in Sources */,
				D6E4875C20D665AD002C3D63 /* UserChangePwdResponse.swift in Sources */,
				D6F494BC20D95894003A09E1 /* UserGetShopStateResponse.swift in Sources */,
				D6AF654320DBE79A00201E08 /* UserDoNateStampResponse.swift in Sources */,
				D6AF657320DC01C700201E08 /* UserCheckUserRequest.swift in Sources */,
				D67E97EF20DF4500007EA35A /* RecoverPasswordViewController.swift in Sources */,
				D6E4876A20D6951B002C3D63 /* UserUpdateLatlngResponse.swift in Sources */,
				D6AF654920DBEAF800201E08 /* UserAskForStampResponse.swift in Sources */,
				D6AF656B20DBFF5E00201E08 /* UserGetAllShopsRequest.swift in Sources */,
				D6AF656720DBFDA500201E08 /* UserGetRewardsCountRequest.swift in Sources */,
				D6D03FBD20DF639600C9D5C1 /* RecoverPasswordViewModel.swift in Sources */,
				D6D03FBF20DF933E00C9D5C1 /* Wireframe.swift in Sources */,
				1DEDA2E420B44C5A001A5AA1 /* SetChapterViewController.swift in Sources */,
				D6D03FB920DF612A00C9D5C1 /* LogInViewModel.swift in Sources */,
				D6F6C6E720CD3BA300D9ADC1 /* Request.swift in Sources */,
				D6E4875A20D6641C002C3D63 /* UserUpdatetokenRequest.swift in Sources */,
				D6E4876220D666A9002C3D63 /* UserFindPwdRequest.swift in Sources */,
				D6AF655320DBEDDD00201E08 /* UserReadFromStampMsgRequest.swift in Sources */,
				D6AF655D20DBF9ED00201E08 /* UserGetRewardsResponse.swift in Sources */,
				D6E4877220D699C2002C3D63 /* UserOauthLoginRequest.swift in Sources */,
				D68BF26520D15A34009008C0 /* DataExtension.swift in Sources */,
				D6F494DA20D969D8003A09E1 /* UserGetMsgResponse.swift in Sources */,
				D6AF654F20DBECF000201E08 /* UserGetFromStampMsgsRequest.swift in Sources */,
				1DEDA2E620B44C67001A5AA1 /* SetChapterViewModel.swift in Sources */,
				D6AF653B20DBE5BE00201E08 /* UserShopUnstampResponse.swift in Sources */,
				D6F494C420D96160003A09E1 /* UserGetShopsResponse.swift in Sources */,
				D6D2765520DBDD3B0080AEC7 /* UserGetSystemMsgsRequest.swift in Sources */,
				D6A56BAA20DE15B800261BC0 /* ShopRecommendTC.swift in Sources */,
				D6E4876020D6667C002C3D63 /* UserFindPwdResponse.swift in Sources */,
				D6F6C6F120CD3CD500D9ADC1 /* ResponseError.swift in Sources */,
				D6F494D620D9691A003A09E1 /* UserDeleteMsgResponse.swift in Sources */,
				1DEDA2EA20B44C85001A5AA1 /* SetCardViewController.swift in Sources */,
				D68BF26320D159EF009008C0 /* StringExtension.swift in Sources */,
				D686916620DFD87E008463DA /* AlertErrorManager.swift in Sources */,
				D6F494D020D96708003A09E1 /* UserGetShopMsgsRequest.swift in Sources */,
				D6E4875E20D665EC002C3D63 /* UserChangePwdRequest.swift in Sources */,
				D6D2764F20DBDAA80080AEC7 /* UserReadMsgResponse.swift in Sources */,
				D6E98B2A20DDCEA5007CC81E /* ShopTC.swift in Sources */,
				D6F6C6EF20CD3CB300D9ADC1 /* Authentication.swift in Sources */,
				D6F494D420D9685E003A09E1 /* UserGetShopMsgRequest.swift in Sources */,
				D6789B4D20DE944E009071BF /* ShopDetailsViewController.swift in Sources */,
				D6AF655120DBED9700201E08 /* UserReadFromStampMsgResponse.swift in Sources */,
			);
			runOnlyForDeploymentPostprocessing = 0;
		};
/* End PBXSourcesBuildPhase section */

/* Begin PBXVariantGroup section */
		1D132CAB20B18CBB000CEE6D /* Main.storyboard */ = {
			isa = PBXVariantGroup;
			children = (
				1D132CAC20B18CBB000CEE6D /* Base */,
			);
			name = Main.storyboard;
			sourceTree = "<group>";
		};
		1D132CB020B18CBB000CEE6D /* LaunchScreen.storyboard */ = {
			isa = PBXVariantGroup;
			children = (
				1D132CB120B18CBB000CEE6D /* Base */,
			);
			name = LaunchScreen.storyboard;
			sourceTree = "<group>";
		};
/* End PBXVariantGroup section */

/* Begin XCBuildConfiguration section */
		1D132CB420B18CBB000CEE6D /* Debug */ = {
			isa = XCBuildConfiguration;
			buildSettings = {
				ALWAYS_SEARCH_USER_PATHS = NO;
				CLANG_ANALYZER_NONNULL = YES;
				CLANG_ANALYZER_NUMBER_OBJECT_CONVERSION = YES_AGGRESSIVE;
				CLANG_CXX_LANGUAGE_STANDARD = "gnu++14";
				CLANG_CXX_LIBRARY = "libc++";
				CLANG_ENABLE_MODULES = YES;
				CLANG_ENABLE_OBJC_ARC = YES;
				CLANG_WARN_BLOCK_CAPTURE_AUTORELEASING = YES;
				CLANG_WARN_BOOL_CONVERSION = YES;
				CLANG_WARN_COMMA = YES;
				CLANG_WARN_CONSTANT_CONVERSION = YES;
				CLANG_WARN_DIRECT_OBJC_ISA_USAGE = YES_ERROR;
				CLANG_WARN_DOCUMENTATION_COMMENTS = YES;
				CLANG_WARN_EMPTY_BODY = YES;
				CLANG_WARN_ENUM_CONVERSION = YES;
				CLANG_WARN_INFINITE_RECURSION = YES;
				CLANG_WARN_INT_CONVERSION = YES;
				CLANG_WARN_NON_LITERAL_NULL_CONVERSION = YES;
				CLANG_WARN_OBJC_LITERAL_CONVERSION = YES;
				CLANG_WARN_OBJC_ROOT_CLASS = YES_ERROR;
				CLANG_WARN_RANGE_LOOP_ANALYSIS = YES;
				CLANG_WARN_STRICT_PROTOTYPES = YES;
				CLANG_WARN_SUSPICIOUS_MOVE = YES;
				CLANG_WARN_UNGUARDED_AVAILABILITY = YES_AGGRESSIVE;
				CLANG_WARN_UNREACHABLE_CODE = YES;
				CLANG_WARN__DUPLICATE_METHOD_MATCH = YES;
				CODE_SIGN_IDENTITY = "iPhone Developer";
				COPY_PHASE_STRIP = NO;
				DEBUG_INFORMATION_FORMAT = dwarf;
				ENABLE_STRICT_OBJC_MSGSEND = YES;
				ENABLE_TESTABILITY = YES;
				GCC_C_LANGUAGE_STANDARD = gnu11;
				GCC_DYNAMIC_NO_PIC = NO;
				GCC_NO_COMMON_BLOCKS = YES;
				GCC_OPTIMIZATION_LEVEL = 0;
				GCC_PREPROCESSOR_DEFINITIONS = (
					"DEBUG=1",
					"$(inherited)",
				);
				GCC_WARN_64_TO_32_BIT_CONVERSION = YES;
				GCC_WARN_ABOUT_RETURN_TYPE = YES_ERROR;
				GCC_WARN_UNDECLARED_SELECTOR = YES;
				GCC_WARN_UNINITIALIZED_AUTOS = YES_AGGRESSIVE;
				GCC_WARN_UNUSED_FUNCTION = YES;
				GCC_WARN_UNUSED_VARIABLE = YES;
				IPHONEOS_DEPLOYMENT_TARGET = 11.2;
				MTL_ENABLE_DEBUG_INFO = YES;
				ONLY_ACTIVE_ARCH = YES;
				SDKROOT = iphoneos;
				SWIFT_ACTIVE_COMPILATION_CONDITIONS = DEBUG;
				SWIFT_OPTIMIZATION_LEVEL = "-Onone";
			};
			name = Debug;
		};
		1D132CB520B18CBB000CEE6D /* Release */ = {
			isa = XCBuildConfiguration;
			buildSettings = {
				ALWAYS_SEARCH_USER_PATHS = NO;
				CLANG_ANALYZER_NONNULL = YES;
				CLANG_ANALYZER_NUMBER_OBJECT_CONVERSION = YES_AGGRESSIVE;
				CLANG_CXX_LANGUAGE_STANDARD = "gnu++14";
				CLANG_CXX_LIBRARY = "libc++";
				CLANG_ENABLE_MODULES = YES;
				CLANG_ENABLE_OBJC_ARC = YES;
				CLANG_WARN_BLOCK_CAPTURE_AUTORELEASING = YES;
				CLANG_WARN_BOOL_CONVERSION = YES;
				CLANG_WARN_COMMA = YES;
				CLANG_WARN_CONSTANT_CONVERSION = YES;
				CLANG_WARN_DIRECT_OBJC_ISA_USAGE = YES_ERROR;
				CLANG_WARN_DOCUMENTATION_COMMENTS = YES;
				CLANG_WARN_EMPTY_BODY = YES;
				CLANG_WARN_ENUM_CONVERSION = YES;
				CLANG_WARN_INFINITE_RECURSION = YES;
				CLANG_WARN_INT_CONVERSION = YES;
				CLANG_WARN_NON_LITERAL_NULL_CONVERSION = YES;
				CLANG_WARN_OBJC_LITERAL_CONVERSION = YES;
				CLANG_WARN_OBJC_ROOT_CLASS = YES_ERROR;
				CLANG_WARN_RANGE_LOOP_ANALYSIS = YES;
				CLANG_WARN_STRICT_PROTOTYPES = YES;
				CLANG_WARN_SUSPICIOUS_MOVE = YES;
				CLANG_WARN_UNGUARDED_AVAILABILITY = YES_AGGRESSIVE;
				CLANG_WARN_UNREACHABLE_CODE = YES;
				CLANG_WARN__DUPLICATE_METHOD_MATCH = YES;
				CODE_SIGN_IDENTITY = "iPhone Developer";
				COPY_PHASE_STRIP = NO;
				DEBUG_INFORMATION_FORMAT = "dwarf-with-dsym";
				ENABLE_NS_ASSERTIONS = NO;
				ENABLE_STRICT_OBJC_MSGSEND = YES;
				GCC_C_LANGUAGE_STANDARD = gnu11;
				GCC_NO_COMMON_BLOCKS = YES;
				GCC_WARN_64_TO_32_BIT_CONVERSION = YES;
				GCC_WARN_ABOUT_RETURN_TYPE = YES_ERROR;
				GCC_WARN_UNDECLARED_SELECTOR = YES;
				GCC_WARN_UNINITIALIZED_AUTOS = YES_AGGRESSIVE;
				GCC_WARN_UNUSED_FUNCTION = YES;
				GCC_WARN_UNUSED_VARIABLE = YES;
				IPHONEOS_DEPLOYMENT_TARGET = 11.2;
				MTL_ENABLE_DEBUG_INFO = NO;
				SDKROOT = iphoneos;
				SWIFT_OPTIMIZATION_LEVEL = "-Owholemodule";
				VALIDATE_PRODUCT = YES;
			};
			name = Release;
		};
		1D132CB720B18CBB000CEE6D /* Debug */ = {
			isa = XCBuildConfiguration;
			baseConfigurationReference = FEAD7D3BC13A08E5C9E215FB /* Pods-EveryStamp.debug.xcconfig */;
			buildSettings = {
				ASSETCATALOG_COMPILER_APPICON_NAME = AppIcon;
				CODE_SIGN_IDENTITY = "iPhone Developer";
				CODE_SIGN_STYLE = Automatic;
				DEVELOPMENT_TEAM = VK89TW355W;
				INFOPLIST_FILE = EveryStamp/Info.plist;
				LD_RUNPATH_SEARCH_PATHS = "$(inherited) @executable_path/Frameworks";
				PRODUCT_BUNDLE_IDENTIFIER = zl.EveryStamp;
				PRODUCT_NAME = "$(TARGET_NAME)";
				PROVISIONING_PROFILE_SPECIFIER = "";
				SWIFT_OBJC_BRIDGING_HEADER = "EveryStamp/Bridging-Header.h";
				SWIFT_VERSION = 4.0;
				TARGETED_DEVICE_FAMILY = "1,2";
			};
			name = Debug;
		};
		1D132CB820B18CBB000CEE6D /* Release */ = {
			isa = XCBuildConfiguration;
			baseConfigurationReference = 0E18ED2B208FA42DA622DBD8 /* Pods-EveryStamp.release.xcconfig */;
			buildSettings = {
				ASSETCATALOG_COMPILER_APPICON_NAME = AppIcon;
				CODE_SIGN_IDENTITY = "iPhone Developer";
				CODE_SIGN_STYLE = Automatic;
				DEVELOPMENT_TEAM = VK89TW355W;
				INFOPLIST_FILE = EveryStamp/Info.plist;
				LD_RUNPATH_SEARCH_PATHS = "$(inherited) @executable_path/Frameworks";
				PRODUCT_BUNDLE_IDENTIFIER = zl.EveryStamp;
				PRODUCT_NAME = "$(TARGET_NAME)";
				PROVISIONING_PROFILE_SPECIFIER = "";
				SWIFT_OBJC_BRIDGING_HEADER = "EveryStamp/Bridging-Header.h";
				SWIFT_VERSION = 4.0;
				TARGETED_DEVICE_FAMILY = "1,2";
			};
			name = Release;
		};
/* End XCBuildConfiguration section */

/* Begin XCConfigurationList section */
		1D132C9F20B18CBB000CEE6D /* Build configuration list for PBXProject "EveryStamp" */ = {
			isa = XCConfigurationList;
			buildConfigurations = (
				1D132CB420B18CBB000CEE6D /* Debug */,
				1D132CB520B18CBB000CEE6D /* Release */,
			);
			defaultConfigurationIsVisible = 0;
			defaultConfigurationName = Release;
		};
		1D132CB620B18CBB000CEE6D /* Build configuration list for PBXNativeTarget "EveryStamp" */ = {
			isa = XCConfigurationList;
			buildConfigurations = (
				1D132CB720B18CBB000CEE6D /* Debug */,
				1D132CB820B18CBB000CEE6D /* Release */,
			);
			defaultConfigurationIsVisible = 0;
			defaultConfigurationName = Release;
		};
/* End XCConfigurationList section */
	};
	rootObject = 1D132C9C20B18CBB000CEE6D /* Project object */;
}
